
DEPENDENCIES: 
- AFNetworking (~> 0.10.1)
- DCKeyValueObjectMapping (~> 1.1)
- DCRoundSwitch (~> 0.0.1)
- DDURLParser (~> 0.0.1)
- HPGrowingTextView (~> 0.0.1)
- MBProgressHUD (~> 0.5)
- NYXImagesKit (~> 2.1.2)
- PrettyKit (~> 0.2.0)
- Reachability (~> 3.1.0)
- SDWebImage (~> 2.7)
- SSKeychain (~> 0.1.4)
- TTTAttributedLabel (~> 1.4.0)
- UIAlertView-Blocks (~> 0.0.1)
- UIWebViewRemoveShadow (~> 0.0.1)
- iCarousel (~> 1.7.2)

COCOAPODS: 0.15.1

SPEC CHECKSUMS: 
  MBProgressHUD: b23ee11c42253d6d804e8e0bfabdc334e8b2571f
  DCKeyValueObjectMapping: bc71bbada9d5d100daf75169c3f29060ebcfa530
  iCarousel: 9786dc44e3fe4fb1d143db83443cfa7794687a49
  PrettyKit: 44b8f06f3719579880d2e11cd6498b7464b3b0fa
  DCRoundSwitch: c08f58330d242f182450b5e4ad32e5238f53d6d4
  UIAlertView-Blocks: 7689ad7dd941417e7a7da81507482bc6f4f15bcd
  SSKeychain: bae692a4354f48691ca3463a121dc8060f781a7d
  HPGrowingTextView: 42fee2f684a8c98e61bc19579d274d7fc12b48ca
  SDWebImage/Main: 6be78ee398d329bdd22c85a0e11ee41bd1f52066
  DDURLParser: faee54f8d9baeed3e8cc33ef7ca372e284d89bae
  SDWebImage: 6be78ee398d329bdd22c85a0e11ee41bd1f52066
  NYXImagesKit: 2f36d489ec32826b58a41d75833602dd13558769
  UIWebViewRemoveShadow: 552ab017bc84263a56f339f6039c94ddec43cd37
  AFNetworking: df1042246c17373b96f12f04bf5c6e1c25992cd4
  Reachability: 1c8584c5f26fa776695efef95caaa50402c94cfb
  TTTAttributedLabel: 3ed39ff06e249ee47467789b6b96bd7bb9597ec8

PODS: 
- AFNetworking (0.10.1)
- DCKeyValueObjectMapping (1.1)
- DCRoundSwitch (0.0.1)
- DDURLParser (0.0.1)
- HPGrowingTextView (0.0.1)
- MBProgressHUD (0.5)
- NYXImagesKit (2.1.2)
- PrettyKit (0.2.0)
- Reachability (3.1.0)
- SDWebImage (2.7): 
  - SDWebImage/Main (= 2.7)
- SDWebImage/Main (2.7)
- SSKeychain (0.1.4)
- TTTAttributedLabel (1.4.0)
- UIAlertView-Blocks (0.0.1)
- UIWebViewRemoveShadow (0.0.1)
- iCarousel (1.7.2)
