PODS:
  - ActionSheetPicker (0.0.2)
  - AFNetworking (0.10.1)
  - DCKeyValueObjectMapping (1.1)
  - DCRoundSwitch (0.0.1)
  - DDURLParser (0.0.1)
  - HPGrowingTextView (0.0.1)
  - iCarousel (1.7.6)
  - KKGridView (0.6.8.2)
  - MBProgressHUD (0.8)
  - NYXImagesKit (2.1.2)
  - PrettyKit (0.2.0)
  - Reachability (3.1.1)
  - RNCryptor (2.2)
  - SDWebImage (2.7.4):
    - SDWebImage/Main
  - SDWebImage/Main (2.7.4)
  - SMPageControl (1.2)
  - SSKeychain (0.1.4)
  - SVProgressHUD (0.9)
  - SVPullToRefresh (0.4.1)
  - SwipeView (1.2.10)
  - TTTAttributedLabel (1.4.1)
  - UIAlertView-Blocks (0.0.1)
  - UIWebViewRemoveShadow (0.0.1)

DEPENDENCIES:
  - ActionSheetPicker (~> 0.0.1)
  - AFNetworking (~> 0.10.1)
  - DCKeyValueObjectMapping (= 1.1)
  - DCRoundSwitch (~> 0.0.1)
  - DDURLParser (~> 0.0.1)
  - HPGrowingTextView (~> 0.0.1)
  - iCarousel (~> 1.7.2)
  - KKGridView (~> 0.6.8.2)
  - MBProgressHUD (~> 0.5)
  - NYXImagesKit (~> 2.1.2)
  - PrettyKit (~> 0.2.0)
  - Reachability (~> 3.1.0)
  - RNCryptor (~> 2.1)
  - SDWebImage (~> 2.7)
  - SMPageControl (~> 1.0)
  - SSKeychain (~> 0.1.4)
  - SVProgressHUD (~> 0.8)
  - SVPullToRefresh (~> 0.3)
  - SwipeView (~> 1.2.9)
  - TTTAttributedLabel (~> 1.4.0)
  - UIAlertView-Blocks (~> 0.0.1)
  - UIWebViewRemoveShadow (~> 0.0.1)

SPEC CHECKSUMS:
  ActionSheetPicker: 16e212011d5c2e92b3e38609a58b93919b4056aa
  AFNetworking: 860f165f6dec289e482b76986ff1950e6214a210
  DCKeyValueObjectMapping: bc71bbada9d5d100daf75169c3f29060ebcfa530
  DCRoundSwitch: b62d4ce14c722eedb7763c986dcbddea8c27bef6
  DDURLParser: faee54f8d9baeed3e8cc33ef7ca372e284d89bae
  HPGrowingTextView: 42fee2f684a8c98e61bc19579d274d7fc12b48ca
  iCarousel: e23a26d7ba722215a42144e80adb0dcb59bebc41
  KKGridView: ca91fc93e91ddbeab8b46d07af1efda289f324e7
  MBProgressHUD: 2bbc6f470111daf7f3eaa4eb12b8cbf01c4c0622
  NYXImagesKit: 2f36d489ec32826b58a41d75833602dd13558769
  PrettyKit: f53ce373d4803116c3e956b589544d64b78c8867
  Reachability: be4883bb93f31e38266ae3365e5600a317aae735
  RNCryptor: 1420380792b33758d2414cf37af160ea2495e15c
  SDWebImage: 3260c6594137f13586ffa8165da6061f77799b73
  SMPageControl: 0c5c5d7e142c1ce6ef5b0d7182d6ad3b2af8f2e3
  SSKeychain: 2ad57d29a6ce6572cb14b3a4377482f58f4085d7
  SVProgressHUD: 03d4845ec8e64591726428a08236c6a5489d45f8
  SVPullToRefresh: 61a0e4bd12bd6f8e3465909810b0fbeb1a28d5f2
  SwipeView: 0218f1fe1a271a610279815101b808a054fe631a
  TTTAttributedLabel: 14873436523cdbe45784c404161e4575fa22706a
  UIAlertView-Blocks: 7689ad7dd941417e7a7da81507482bc6f4f15bcd
  UIWebViewRemoveShadow: b195369e5fecd54874b84145e795fd8757f1dde5

COCOAPODS: 0.32.1
