PODS:
  - ActionSheetPicker (0.0.1)
  - AFNetworking (0.10.1)
  - AQGridView (1.3)
  - DCKeyValueObjectMapping (1.1)
  - DCRoundSwitch (0.0.1)
  - DDURLParser (0.0.1)
  - HPGrowingTextView (0.0.1)
  - iCarousel (1.7.4)
  - KKGridView (0.6.8.2)
  - MBProgressHUD (0.6)
  - NYXImagesKit (2.1.2)
  - PrettyKit (0.2.0)
  - Reachability (3.1.0)
  - RNCryptor (2.1)
  - SDWebImage (2.7.4):
    - SDWebImage/Main
  - SDWebImage/Main (2.7.4)
  - SSKeychain (0.1.4)
  - SVProgressHUD (0.9)
  - SwipeView (1.2.9)
  - TTTAttributedLabel (1.4.1)
  - UIAlertView-Blocks (0.0.1)
  - UIWebViewRemoveShadow (0.0.1)

DEPENDENCIES:
  - ActionSheetPicker (~> 0.0.1)
  - AFNetworking (~> 0.10.1)
  - AQGridView (~> 1.3)
  - DCKeyValueObjectMapping (= 1.1)
  - DCRoundSwitch (~> 0.0.1)
  - DDURLParser (~> 0.0.1)
  - HPGrowingTextView (~> 0.0.1)
  - iCarousel (~> 1.7.2)
  - KKGridView (~> 0.6.8.2)
  - MBProgressHUD (~> 0.5)
  - NYXImagesKit (~> 2.1.2)
  - PrettyKit (~> 0.2.0)
  - Reachability (~> 3.1.0)
  - RNCryptor (~> 2.1)
  - SDWebImage (~> 2.7)
  - SSKeychain (~> 0.1.4)
  - SVProgressHUD (~> 0.8)
  - SwipeView (~> 1.2.9)
  - TTTAttributedLabel (~> 1.4.0)
  - UIAlertView-Blocks (~> 0.0.1)
  - UIWebViewRemoveShadow (~> 0.0.1)

SPEC CHECKSUMS:
  ActionSheetPicker: f47931cfb6bc65230b323326964fccb4ad339f37
  AFNetworking: df1042246c17373b96f12f04bf5c6e1c25992cd4
  AQGridView: ee436c64bc4a972ca7f3ce99971c0204af9e65ea
  DCKeyValueObjectMapping: bc71bbada9d5d100daf75169c3f29060ebcfa530
  DCRoundSwitch: c08f58330d242f182450b5e4ad32e5238f53d6d4
  DDURLParser: faee54f8d9baeed3e8cc33ef7ca372e284d89bae
  HPGrowingTextView: 42fee2f684a8c98e61bc19579d274d7fc12b48ca
  iCarousel: 7f260b9f829005bb32d72ad19376a2a32ae3e418
  KKGridView: ca91fc93e91ddbeab8b46d07af1efda289f324e7
  MBProgressHUD: 9b55a90566fb5d07df0602f6fd9fa04510ad5d52
  NYXImagesKit: 2f36d489ec32826b58a41d75833602dd13558769
  PrettyKit: 44b8f06f3719579880d2e11cd6498b7464b3b0fa
  Reachability: ba94ecd4eaa037be3d0588b38956672588530c5b
  RNCryptor: e8a818cb161113795cf32efa4d3ebfca16016882
  SDWebImage: 06f076026fe7867ab0100fce95d943f7bff981eb
  SSKeychain: bae692a4354f48691ca3463a121dc8060f781a7d
  SVProgressHUD: 03d4845ec8e64591726428a08236c6a5489d45f8
  SwipeView: 4b05b28f0a2ea1c143459257e73a907912794700
  TTTAttributedLabel: 14873436523cdbe45784c404161e4575fa22706a
  UIAlertView-Blocks: 7689ad7dd941417e7a7da81507482bc6f4f15bcd
  UIWebViewRemoveShadow: 552ab017bc84263a56f339f6039c94ddec43cd37

COCOAPODS: 0.19.1
