// !$*UTF8*$!
{
	archiveVersion = 1;
	classes = {
	};
	objectVersion = 46;
	objects = {

/* Begin PBXBuildFile section */
		3401FDFC1636A1D700FAF971 /* ArticleDetailController.m in Sources */ = {isa = PBXBuildFile; fileRef = 3401FDFA1636A1D700FAF971 /* ArticleDetailController.m */; };
		3401FDFD1636A1D700FAF971 /* ArticleDetailController.xib in Resources */ = {isa = PBXBuildFile; fileRef = 3401FDFB1636A1D700FAF971 /* ArticleDetailController.xib */; };
		340716D61640BDD2006E40FE /* icon_down_arrow.png in Resources */ = {isa = PBXBuildFile; fileRef = 340716D51640BDD2006E40FE /* icon_down_arrow.png */; };
		340716D81640C91C006E40FE /* icon_up_arrow.png in Resources */ = {isa = PBXBuildFile; fileRef = 340716D71640C91C006E40FE /* icon_up_arrow.png */; };
		340A13471631331900E8D594 /* CommentModel.m in Sources */ = {isa = PBXBuildFile; fileRef = 340A13461631331900E8D594 /* CommentModel.m */; };
		340A134A1631419600E8D594 /* CommentBox.m in Sources */ = {isa = PBXBuildFile; fileRef = 340A13491631419600E8D594 /* CommentBox.m */; };
		340A134F163142F100E8D594 /* bg_comment_box.png in Resources */ = {isa = PBXBuildFile; fileRef = 340A134B163142F100E8D594 /* bg_comment_box.png */; };
		340A1350163142F100E8D594 /* bg_comment_input.png in Resources */ = {isa = PBXBuildFile; fileRef = 340A134C163142F100E8D594 /* bg_comment_input.png */; };
		340A1351163142F100E8D594 /* bg_comment_commit_normal.png in Resources */ = {isa = PBXBuildFile; fileRef = 340A134D163142F100E8D594 /* bg_comment_commit_normal.png */; };
		340A1352163142F100E8D594 /* bg_comment_commit_highlighted.png in Resources */ = {isa = PBXBuildFile; fileRef = 340A134E163142F100E8D594 /* bg_comment_commit_highlighted.png */; };
		340A1372163170BE00E8D594 /* CommentCell.m in Sources */ = {isa = PBXBuildFile; fileRef = 340A1371163170BE00E8D594 /* CommentCell.m */; };
		3446C89F162D680C0049B952 /* CircleHeaderView.m in Sources */ = {isa = PBXBuildFile; fileRef = 3446C89E162D680C0049B952 /* CircleHeaderView.m */; };
		345321FC1638F47D002137E6 /* icon_share.png in Resources */ = {isa = PBXBuildFile; fileRef = 345321FB1638F47D002137E6 /* icon_share.png */; };
		3453220116390EC2002137E6 /* img_comment_placeholder.png in Resources */ = {isa = PBXBuildFile; fileRef = 3453220016390EC2002137E6 /* img_comment_placeholder.png */; };
		3453220916394EA4002137E6 /* icon_right_arrow_white.png in Resources */ = {isa = PBXBuildFile; fileRef = 3453220516394EA4002137E6 /* icon_right_arrow_white.png */; };
		3453220A16394EA4002137E6 /* icon_right_arrow_dark.png in Resources */ = {isa = PBXBuildFile; fileRef = 3453220616394EA4002137E6 /* icon_right_arrow_dark.png */; };
		3453220B16394EA4002137E6 /* icon_left_arrow_dark.png in Resources */ = {isa = PBXBuildFile; fileRef = 3453220716394EA4002137E6 /* icon_left_arrow_dark.png */; };
		3453220C16394EA4002137E6 /* icon_left_arrow_white.png in Resources */ = {isa = PBXBuildFile; fileRef = 3453220816394EA4002137E6 /* icon_left_arrow_white.png */; };
		34584644163A3582008AAD38 /* NNNavigationController.m in Sources */ = {isa = PBXBuildFile; fileRef = 34584643163A3582008AAD38 /* NNNavigationController.m */; };
		34648C401627E74E00115082 /* HotListCell.m in Sources */ = {isa = PBXBuildFile; fileRef = 34648C3F1627E74E00115082 /* HotListCell.m */; };
		34648C68162833C000115082 /* SlideShowView.m in Sources */ = {isa = PBXBuildFile; fileRef = 34648C67162833C000115082 /* SlideShowView.m */; };
		3466147F1634EE4B00B1FF5A /* MainController.m in Sources */ = {isa = PBXBuildFile; fileRef = 3466147E1634EE4B00B1FF5A /* MainController.m */; };
		346614D51635138700B1FF5A /* BabyDetailController.m in Sources */ = {isa = PBXBuildFile; fileRef = 346614D41635138700B1FF5A /* BabyDetailController.m */; };
		346614DB163521C500B1FF5A /* CommentListController.m in Sources */ = {isa = PBXBuildFile; fileRef = 346614DA163521C500B1FF5A /* CommentListController.m */; };
		346614EE1635489B00B1FF5A /* FoldableTextBox.m in Sources */ = {isa = PBXBuildFile; fileRef = 346614ED1635489B00B1FF5A /* FoldableTextBox.m */; };
		347AAB5D163672E500D243BA /* SignController.m in Sources */ = {isa = PBXBuildFile; fileRef = 347AAB5B163672E500D243BA /* SignController.m */; };
		347AAB5E163672E500D243BA /* SignController.xib in Resources */ = {isa = PBXBuildFile; fileRef = 347AAB5C163672E500D243BA /* SignController.xib */; };
		347AAB6416368A6800D243BA /* UITextField+UITextFieldCatagory.m in Sources */ = {isa = PBXBuildFile; fileRef = 347AAB6316368A6800D243BA /* UITextField+UITextFieldCatagory.m */; };
		3499BEFE1626E2430084B838 /* article_detail.jpg in Resources */ = {isa = PBXBuildFile; fileRef = 3499BEF81626E2430084B838 /* article_detail.jpg */; };
		3499BEFF1626E2430084B838 /* article_list.jpg in Resources */ = {isa = PBXBuildFile; fileRef = 3499BEF91626E2430084B838 /* article_list.jpg */; };
		3499BF001626E2430084B838 /* baby_detail.jpg in Resources */ = {isa = PBXBuildFile; fileRef = 3499BEFA1626E2430084B838 /* baby_detail.jpg */; };
		3499BF011626E2430084B838 /* baby_list.jpg in Resources */ = {isa = PBXBuildFile; fileRef = 3499BEFB1626E2430084B838 /* baby_list.jpg */; };
		3499BF021626E2430084B838 /* home.jpg in Resources */ = {isa = PBXBuildFile; fileRef = 3499BEFC1626E2430084B838 /* home.jpg */; };
		3499BF031626E2430084B838 /* splash.jpg in Resources */ = {isa = PBXBuildFile; fileRef = 3499BEFD1626E2430084B838 /* splash.jpg */; };
		3499BF131627D3F70084B838 /* MediaPlayer.framework in Frameworks */ = {isa = PBXBuildFile; fileRef = 3499BF121627D3F70084B838 /* MediaPlayer.framework */; };
		34AC9C6B163E41640020DE4B /* CustomNavigationBar.m in Sources */ = {isa = PBXBuildFile; fileRef = 34AC9C6A163E41640020DE4B /* CustomNavigationBar.m */; settings = {COMPILER_FLAGS = "-fno-objc-arc"; }; };
		34AC9C6D163E5D0E0020DE4B /* bg_btn_nav_right.png in Resources */ = {isa = PBXBuildFile; fileRef = 34AC9C6C163E5D0E0020DE4B /* bg_btn_nav_right.png */; };
		34AC9C6F163E5DB10020DE4B /* bg_bar_button.png in Resources */ = {isa = PBXBuildFile; fileRef = 34AC9C6E163E5DB10020DE4B /* bg_bar_button.png */; };
		34AC9C72163E6F970020DE4B /* icon_user_normal.png in Resources */ = {isa = PBXBuildFile; fileRef = 34AC9C70163E6F970020DE4B /* icon_user_normal.png */; };
		34AC9C73163E6F970020DE4B /* icon_user_highlighted.png in Resources */ = {isa = PBXBuildFile; fileRef = 34AC9C71163E6F970020DE4B /* icon_user_highlighted.png */; };
		34AC9C75163E75870020DE4B /* bg_header_view.png in Resources */ = {isa = PBXBuildFile; fileRef = 34AC9C74163E75870020DE4B /* bg_header_view.png */; };
		34AC9C77163E80770020DE4B /* img_header_indicator.png in Resources */ = {isa = PBXBuildFile; fileRef = 34AC9C76163E80770020DE4B /* img_header_indicator.png */; };
		34B2B77F16380F4500F75977 /* bg_btn_sign.png in Resources */ = {isa = PBXBuildFile; fileRef = 34B2B77E16380F4500F75977 /* bg_btn_sign.png */; };
		34B2B7821638113200F75977 /* img_logo.png in Resources */ = {isa = PBXBuildFile; fileRef = 34B2B7811638113200F75977 /* img_logo.png */; };
		34C81B4F162BF78000DA093B /* BabyCell.m in Sources */ = {isa = PBXBuildFile; fileRef = 34C81B4E162BF78000DA093B /* BabyCell.m */; };
		34CB8FC2163F6D170001AD87 /* icon_disclosure_normal.png in Resources */ = {isa = PBXBuildFile; fileRef = 34CB8FC1163F6D170001AD87 /* icon_disclosure_normal.png */; };
		34CB8FC5163F6FE60001AD87 /* icon_disclosure_highlighted.png in Resources */ = {isa = PBXBuildFile; fileRef = 34CB8FC4163F6FE60001AD87 /* icon_disclosure_highlighted.png */; };
		34CB8FDC163F7CD90001AD87 /* img_header_view_bottom_line.png in Resources */ = {isa = PBXBuildFile; fileRef = 34CB8FDB163F7CD90001AD87 /* img_header_view_bottom_line.png */; };
		34CB8FDF163F7F310001AD87 /* bg_btn_vote.png in Resources */ = {isa = PBXBuildFile; fileRef = 34CB8FDE163F7F310001AD87 /* bg_btn_vote.png */; };
		34CB8FE3163F88160001AD87 /* icon_love_highlighted.png in Resources */ = {isa = PBXBuildFile; fileRef = 34CB8FE0163F88160001AD87 /* icon_love_highlighted.png */; };
		34CB8FE4163F88160001AD87 /* icon_love_normal.png in Resources */ = {isa = PBXBuildFile; fileRef = 34CB8FE1163F88160001AD87 /* icon_love_normal.png */; };
		34CB8FE5163F88160001AD87 /* icon_play_video.png in Resources */ = {isa = PBXBuildFile; fileRef = 34CB8FE2163F88160001AD87 /* icon_play_video.png */; };
		34CB8FE7163FA4000001AD87 /* img_cell_divider.png in Resources */ = {isa = PBXBuildFile; fileRef = 34CB8FE6163FA4000001AD87 /* img_cell_divider.png */; };
		34CB8FE9163FB1B80001AD87 /* img_nav_bottom_line.png in Resources */ = {isa = PBXBuildFile; fileRef = 34CB8FE8163FB1B80001AD87 /* img_nav_bottom_line.png */; };
		34CB8FEB163FB3900001AD87 /* img_horizontal_divider.png in Resources */ = {isa = PBXBuildFile; fileRef = 34CB8FEA163FB3900001AD87 /* img_horizontal_divider.png */; };
		34CB8FED163FBB4E0001AD87 /* bg_comment_count.png in Resources */ = {isa = PBXBuildFile; fileRef = 34CB8FEC163FBB4E0001AD87 /* bg_comment_count.png */; };
		34CB8FEF163FD2F20001AD87 /* bg_back_button.png in Resources */ = {isa = PBXBuildFile; fileRef = 34CB8FEE163FD2F20001AD87 /* bg_back_button.png */; };
		34CB8FF4163FDFD40001AD87 /* CommentListController.xib in Resources */ = {isa = PBXBuildFile; fileRef = 34CB8FF3163FDFD40001AD87 /* CommentListController.xib */; };
		34D464D21630065C00D8EE28 /* UIHelper.m in Sources */ = {isa = PBXBuildFile; fileRef = 34D464D11630065C00D8EE28 /* UIHelper.m */; };
		34D464E51630243900D8EE28 /* SMPageControl.m in Sources */ = {isa = PBXBuildFile; fileRef = 34D464E41630243900D8EE28 /* SMPageControl.m */; };
		53816AFB16265E9400B0672C /* UIKit.framework in Frameworks */ = {isa = PBXBuildFile; fileRef = 53816AFA16265E9400B0672C /* UIKit.framework */; };
		53816AFD16265E9400B0672C /* Foundation.framework in Frameworks */ = {isa = PBXBuildFile; fileRef = 53816AFC16265E9400B0672C /* Foundation.framework */; };
		53816AFF16265E9400B0672C /* CoreGraphics.framework in Frameworks */ = {isa = PBXBuildFile; fileRef = 53816AFE16265E9400B0672C /* CoreGraphics.framework */; };
		53816B0516265E9400B0672C /* InfoPlist.strings in Resources */ = {isa = PBXBuildFile; fileRef = 53816B0316265E9400B0672C /* InfoPlist.strings */; };
		53816B0716265E9400B0672C /* main.m in Sources */ = {isa = PBXBuildFile; fileRef = 53816B0616265E9400B0672C /* main.m */; };
		53816B0B16265E9400B0672C /* NeonanAppDelegate.m in Sources */ = {isa = PBXBuildFile; fileRef = 53816B0A16265E9400B0672C /* NeonanAppDelegate.m */; };
		53816B0D16265E9400B0672C /* Default.png in Resources */ = {isa = PBXBuildFile; fileRef = 53816B0C16265E9400B0672C /* Default.png */; };
		53816B0F16265E9400B0672C /* Default@2x.png in Resources */ = {isa = PBXBuildFile; fileRef = 53816B0E16265E9400B0672C /* Default@2x.png */; };
		53816B1116265E9400B0672C /* Default-568h@2x.png in Resources */ = {isa = PBXBuildFile; fileRef = 53816B1016265E9400B0672C /* Default-568h@2x.png */; };
		53816B331626726900B0672C /* QuartzCore.framework in Frameworks */ = {isa = PBXBuildFile; fileRef = 53816B321626726900B0672C /* QuartzCore.framework */; };
		F912E5785A5344D991F500B6 /* libPods.a in Frameworks */ = {isa = PBXBuildFile; fileRef = 76D7B376ADA7475E9C105D07 /* libPods.a */; };
/* End PBXBuildFile section */

/* Begin PBXFileReference section */
		3401FDF91636A1D700FAF971 /* ArticleDetailController.h */ = {isa = PBXFileReference; fileEncoding = 4; lastKnownFileType = sourcecode.c.h; path = ArticleDetailController.h; sourceTree = "<group>"; };
		3401FDFA1636A1D700FAF971 /* ArticleDetailController.m */ = {isa = PBXFileReference; fileEncoding = 4; lastKnownFileType = sourcecode.c.objc; path = ArticleDetailController.m; sourceTree = "<group>"; };
		3401FDFB1636A1D700FAF971 /* ArticleDetailController.xib */ = {isa = PBXFileReference; fileEncoding = 4; lastKnownFileType = file.xib; name = ArticleDetailController.xib; path = ../Classes/controllers/ArticleDetailController.xib; sourceTree = "<group>"; };
		340716D51640BDD2006E40FE /* icon_down_arrow.png */ = {isa = PBXFileReference; lastKnownFileType = image.png; path = icon_down_arrow.png; sourceTree = "<group>"; };
		340716D71640C91C006E40FE /* icon_up_arrow.png */ = {isa = PBXFileReference; lastKnownFileType = image.png; path = icon_up_arrow.png; sourceTree = "<group>"; };
		340A13451631331900E8D594 /* CommentModel.h */ = {isa = PBXFileReference; fileEncoding = 4; lastKnownFileType = sourcecode.c.h; path = CommentModel.h; sourceTree = "<group>"; };
		340A13461631331900E8D594 /* CommentModel.m */ = {isa = PBXFileReference; fileEncoding = 4; lastKnownFileType = sourcecode.c.objc; path = CommentModel.m; sourceTree = "<group>"; };
		340A13481631419600E8D594 /* CommentBox.h */ = {isa = PBXFileReference; fileEncoding = 4; lastKnownFileType = sourcecode.c.h; path = CommentBox.h; sourceTree = "<group>"; };
		340A13491631419600E8D594 /* CommentBox.m */ = {isa = PBXFileReference; fileEncoding = 4; lastKnownFileType = sourcecode.c.objc; path = CommentBox.m; sourceTree = "<group>"; };
		340A134B163142F100E8D594 /* bg_comment_box.png */ = {isa = PBXFileReference; lastKnownFileType = image.png; path = bg_comment_box.png; sourceTree = "<group>"; };
		340A134C163142F100E8D594 /* bg_comment_input.png */ = {isa = PBXFileReference; lastKnownFileType = image.png; path = bg_comment_input.png; sourceTree = "<group>"; };
		340A134D163142F100E8D594 /* bg_comment_commit_normal.png */ = {isa = PBXFileReference; lastKnownFileType = image.png; path = bg_comment_commit_normal.png; sourceTree = "<group>"; };
		340A134E163142F100E8D594 /* bg_comment_commit_highlighted.png */ = {isa = PBXFileReference; lastKnownFileType = image.png; path = bg_comment_commit_highlighted.png; sourceTree = "<group>"; };
		340A1370163170BE00E8D594 /* CommentCell.h */ = {isa = PBXFileReference; fileEncoding = 4; lastKnownFileType = sourcecode.c.h; path = CommentCell.h; sourceTree = "<group>"; };
		340A1371163170BE00E8D594 /* CommentCell.m */ = {isa = PBXFileReference; fileEncoding = 4; lastKnownFileType = sourcecode.c.objc; path = CommentCell.m; sourceTree = "<group>"; };
		3446C89D162D680C0049B952 /* CircleHeaderView.h */ = {isa = PBXFileReference; fileEncoding = 4; lastKnownFileType = sourcecode.c.h; path = CircleHeaderView.h; sourceTree = "<group>"; };
		3446C89E162D680C0049B952 /* CircleHeaderView.m */ = {isa = PBXFileReference; fileEncoding = 4; lastKnownFileType = sourcecode.c.objc; path = CircleHeaderView.m; sourceTree = "<group>"; };
		345321FB1638F47D002137E6 /* icon_share.png */ = {isa = PBXFileReference; lastKnownFileType = image.png; path = icon_share.png; sourceTree = "<group>"; };
		3453220016390EC2002137E6 /* img_comment_placeholder.png */ = {isa = PBXFileReference; lastKnownFileType = image.png; path = img_comment_placeholder.png; sourceTree = "<group>"; };
		3453220516394EA4002137E6 /* icon_right_arrow_white.png */ = {isa = PBXFileReference; lastKnownFileType = image.png; path = icon_right_arrow_white.png; sourceTree = "<group>"; };
		3453220616394EA4002137E6 /* icon_right_arrow_dark.png */ = {isa = PBXFileReference; lastKnownFileType = image.png; path = icon_right_arrow_dark.png; sourceTree = "<group>"; };
		3453220716394EA4002137E6 /* icon_left_arrow_dark.png */ = {isa = PBXFileReference; lastKnownFileType = image.png; path = icon_left_arrow_dark.png; sourceTree = "<group>"; };
		3453220816394EA4002137E6 /* icon_left_arrow_white.png */ = {isa = PBXFileReference; lastKnownFileType = image.png; path = icon_left_arrow_white.png; sourceTree = "<group>"; };
		34584642163A3582008AAD38 /* NNNavigationController.h */ = {isa = PBXFileReference; fileEncoding = 4; lastKnownFileType = sourcecode.c.h; path = NNNavigationController.h; sourceTree = "<group>"; };
		34584643163A3582008AAD38 /* NNNavigationController.m */ = {isa = PBXFileReference; fileEncoding = 4; lastKnownFileType = sourcecode.c.objc; path = NNNavigationController.m; sourceTree = "<group>"; };
		34648C3E1627E74E00115082 /* HotListCell.h */ = {isa = PBXFileReference; fileEncoding = 4; lastKnownFileType = sourcecode.c.h; path = HotListCell.h; sourceTree = "<group>"; };
		34648C3F1627E74E00115082 /* HotListCell.m */ = {isa = PBXFileReference; fileEncoding = 4; lastKnownFileType = sourcecode.c.objc; path = HotListCell.m; sourceTree = "<group>"; };
		34648C66162833C000115082 /* SlideShowView.h */ = {isa = PBXFileReference; fileEncoding = 4; lastKnownFileType = sourcecode.c.h; path = SlideShowView.h; sourceTree = "<group>"; };
		34648C67162833C000115082 /* SlideShowView.m */ = {isa = PBXFileReference; fileEncoding = 4; lastKnownFileType = sourcecode.c.objc; path = SlideShowView.m; sourceTree = "<group>"; };
		3466147D1634EE4B00B1FF5A /* MainController.h */ = {isa = PBXFileReference; fileEncoding = 4; lastKnownFileType = sourcecode.c.h; path = MainController.h; sourceTree = "<group>"; };
		3466147E1634EE4B00B1FF5A /* MainController.m */ = {isa = PBXFileReference; fileEncoding = 4; lastKnownFileType = sourcecode.c.objc; path = MainController.m; sourceTree = "<group>"; };
		346614D31635138700B1FF5A /* BabyDetailController.h */ = {isa = PBXFileReference; fileEncoding = 4; lastKnownFileType = sourcecode.c.h; path = BabyDetailController.h; sourceTree = "<group>"; };
		346614D41635138700B1FF5A /* BabyDetailController.m */ = {isa = PBXFileReference; fileEncoding = 4; lastKnownFileType = sourcecode.c.objc; path = BabyDetailController.m; sourceTree = "<group>"; };
		346614D9163521C500B1FF5A /* CommentListController.h */ = {isa = PBXFileReference; fileEncoding = 4; lastKnownFileType = sourcecode.c.h; path = CommentListController.h; sourceTree = "<group>"; };
		346614DA163521C500B1FF5A /* CommentListController.m */ = {isa = PBXFileReference; fileEncoding = 4; lastKnownFileType = sourcecode.c.objc; path = CommentListController.m; sourceTree = "<group>"; };
		346614EC1635489B00B1FF5A /* FoldableTextBox.h */ = {isa = PBXFileReference; fileEncoding = 4; lastKnownFileType = sourcecode.c.h; path = FoldableTextBox.h; sourceTree = "<group>"; };
		346614ED1635489B00B1FF5A /* FoldableTextBox.m */ = {isa = PBXFileReference; fileEncoding = 4; lastKnownFileType = sourcecode.c.objc; path = FoldableTextBox.m; sourceTree = "<group>"; };
		347AAB5A163672E500D243BA /* SignController.h */ = {isa = PBXFileReference; fileEncoding = 4; lastKnownFileType = sourcecode.c.h; path = SignController.h; sourceTree = "<group>"; };
		347AAB5B163672E500D243BA /* SignController.m */ = {isa = PBXFileReference; fileEncoding = 4; lastKnownFileType = sourcecode.c.objc; path = SignController.m; sourceTree = "<group>"; };
		347AAB5C163672E500D243BA /* SignController.xib */ = {isa = PBXFileReference; fileEncoding = 4; lastKnownFileType = file.xib; name = SignController.xib; path = ../Classes/controllers/SignController.xib; sourceTree = "<group>"; };
		347AAB6216368A6800D243BA /* UITextField+UITextFieldCatagory.h */ = {isa = PBXFileReference; fileEncoding = 4; lastKnownFileType = sourcecode.c.h; path = "UITextField+UITextFieldCatagory.h"; sourceTree = "<group>"; };
		347AAB6316368A6800D243BA /* UITextField+UITextFieldCatagory.m */ = {isa = PBXFileReference; fileEncoding = 4; lastKnownFileType = sourcecode.c.objc; path = "UITextField+UITextFieldCatagory.m"; sourceTree = "<group>"; };
		3499BEF81626E2430084B838 /* article_detail.jpg */ = {isa = PBXFileReference; lastKnownFileType = image.jpeg; path = article_detail.jpg; sourceTree = "<group>"; };
		3499BEF91626E2430084B838 /* article_list.jpg */ = {isa = PBXFileReference; lastKnownFileType = image.jpeg; path = article_list.jpg; sourceTree = "<group>"; };
		3499BEFA1626E2430084B838 /* baby_detail.jpg */ = {isa = PBXFileReference; lastKnownFileType = image.jpeg; path = baby_detail.jpg; sourceTree = "<group>"; };
		3499BEFB1626E2430084B838 /* baby_list.jpg */ = {isa = PBXFileReference; lastKnownFileType = image.jpeg; path = baby_list.jpg; sourceTree = "<group>"; };
		3499BEFC1626E2430084B838 /* home.jpg */ = {isa = PBXFileReference; lastKnownFileType = image.jpeg; path = home.jpg; sourceTree = "<group>"; };
		3499BEFD1626E2430084B838 /* splash.jpg */ = {isa = PBXFileReference; lastKnownFileType = image.jpeg; path = splash.jpg; sourceTree = "<group>"; };
		3499BF121627D3F70084B838 /* MediaPlayer.framework */ = {isa = PBXFileReference; includeInIndex = 1; lastKnownFileType = wrapper.framework; name = MediaPlayer.framework; path = System/Library/Frameworks/MediaPlayer.framework; sourceTree = SDKROOT; };
		34AC9C69163E41640020DE4B /* CustomNavigationBar.h */ = {isa = PBXFileReference; fileEncoding = 4; lastKnownFileType = sourcecode.c.h; path = CustomNavigationBar.h; sourceTree = "<group>"; };
		34AC9C6A163E41640020DE4B /* CustomNavigationBar.m */ = {isa = PBXFileReference; fileEncoding = 4; lastKnownFileType = sourcecode.c.objc; path = CustomNavigationBar.m; sourceTree = "<group>"; };
		34AC9C6C163E5D0E0020DE4B /* bg_btn_nav_right.png */ = {isa = PBXFileReference; lastKnownFileType = image.png; path = bg_btn_nav_right.png; sourceTree = "<group>"; };
		34AC9C6E163E5DB10020DE4B /* bg_bar_button.png */ = {isa = PBXFileReference; lastKnownFileType = image.png; path = bg_bar_button.png; sourceTree = "<group>"; };
		34AC9C70163E6F970020DE4B /* icon_user_normal.png */ = {isa = PBXFileReference; lastKnownFileType = image.png; path = icon_user_normal.png; sourceTree = "<group>"; };
		34AC9C71163E6F970020DE4B /* icon_user_highlighted.png */ = {isa = PBXFileReference; lastKnownFileType = image.png; path = icon_user_highlighted.png; sourceTree = "<group>"; };
		34AC9C74163E75870020DE4B /* bg_header_view.png */ = {isa = PBXFileReference; lastKnownFileType = image.png; path = bg_header_view.png; sourceTree = "<group>"; };
		34AC9C76163E80770020DE4B /* img_header_indicator.png */ = {isa = PBXFileReference; lastKnownFileType = image.png; path = img_header_indicator.png; sourceTree = "<group>"; };
		34B2B77E16380F4500F75977 /* bg_btn_sign.png */ = {isa = PBXFileReference; lastKnownFileType = image.png; path = bg_btn_sign.png; sourceTree = "<group>"; };
		34B2B7811638113200F75977 /* img_logo.png */ = {isa = PBXFileReference; lastKnownFileType = image.png; path = img_logo.png; sourceTree = "<group>"; };
		34C81B4D162BF78000DA093B /* BabyCell.h */ = {isa = PBXFileReference; fileEncoding = 4; lastKnownFileType = sourcecode.c.h; path = BabyCell.h; sourceTree = "<group>"; };
		34C81B4E162BF78000DA093B /* BabyCell.m */ = {isa = PBXFileReference; fileEncoding = 4; lastKnownFileType = sourcecode.c.objc; path = BabyCell.m; sourceTree = "<group>"; };
		34CB8FC1163F6D170001AD87 /* icon_disclosure_normal.png */ = {isa = PBXFileReference; lastKnownFileType = image.png; path = icon_disclosure_normal.png; sourceTree = "<group>"; };
		34CB8FC4163F6FE60001AD87 /* icon_disclosure_highlighted.png */ = {isa = PBXFileReference; lastKnownFileType = image.png; path = icon_disclosure_highlighted.png; sourceTree = "<group>"; };
		34CB8FDB163F7CD90001AD87 /* img_header_view_bottom_line.png */ = {isa = PBXFileReference; lastKnownFileType = image.png; path = img_header_view_bottom_line.png; sourceTree = "<group>"; };
		34CB8FDE163F7F310001AD87 /* bg_btn_vote.png */ = {isa = PBXFileReference; lastKnownFileType = image.png; path = bg_btn_vote.png; sourceTree = "<group>"; };
		34CB8FE0163F88160001AD87 /* icon_love_highlighted.png */ = {isa = PBXFileReference; lastKnownFileType = image.png; path = icon_love_highlighted.png; sourceTree = "<group>"; };
		34CB8FE1163F88160001AD87 /* icon_love_normal.png */ = {isa = PBXFileReference; lastKnownFileType = image.png; path = icon_love_normal.png; sourceTree = "<group>"; };
		34CB8FE2163F88160001AD87 /* icon_play_video.png */ = {isa = PBXFileReference; lastKnownFileType = image.png; path = icon_play_video.png; sourceTree = "<group>"; };
		34CB8FE6163FA4000001AD87 /* img_cell_divider.png */ = {isa = PBXFileReference; lastKnownFileType = image.png; path = img_cell_divider.png; sourceTree = "<group>"; };
		34CB8FE8163FB1B80001AD87 /* img_nav_bottom_line.png */ = {isa = PBXFileReference; lastKnownFileType = image.png; path = img_nav_bottom_line.png; sourceTree = "<group>"; };
		34CB8FEA163FB3900001AD87 /* img_horizontal_divider.png */ = {isa = PBXFileReference; lastKnownFileType = image.png; path = img_horizontal_divider.png; sourceTree = "<group>"; };
		34CB8FEC163FBB4E0001AD87 /* bg_comment_count.png */ = {isa = PBXFileReference; lastKnownFileType = image.png; path = bg_comment_count.png; sourceTree = "<group>"; };
		34CB8FEE163FD2F20001AD87 /* bg_back_button.png */ = {isa = PBXFileReference; lastKnownFileType = image.png; path = bg_back_button.png; sourceTree = "<group>"; };
		34CB8FF3163FDFD40001AD87 /* CommentListController.xib */ = {isa = PBXFileReference; fileEncoding = 4; lastKnownFileType = file.xib; name = CommentListController.xib; path = Classes/controllers/CommentListController.xib; sourceTree = SOURCE_ROOT; };
		34D464D01630065C00D8EE28 /* UIHelper.h */ = {isa = PBXFileReference; fileEncoding = 4; lastKnownFileType = sourcecode.c.h; path = UIHelper.h; sourceTree = "<group>"; };
		34D464D11630065C00D8EE28 /* UIHelper.m */ = {isa = PBXFileReference; fileEncoding = 4; lastKnownFileType = sourcecode.c.objc; path = UIHelper.m; sourceTree = "<group>"; };
		34D464E31630243900D8EE28 /* SMPageControl.h */ = {isa = PBXFileReference; fileEncoding = 4; lastKnownFileType = sourcecode.c.h; path = SMPageControl.h; sourceTree = "<group>"; };
		34D464E41630243900D8EE28 /* SMPageControl.m */ = {isa = PBXFileReference; fileEncoding = 4; lastKnownFileType = sourcecode.c.objc; path = SMPageControl.m; sourceTree = "<group>"; };
		53816AF616265E9400B0672C /* Neonan.app */ = {isa = PBXFileReference; explicitFileType = wrapper.application; includeInIndex = 0; path = Neonan.app; sourceTree = BUILT_PRODUCTS_DIR; };
		53816AFA16265E9400B0672C /* UIKit.framework */ = {isa = PBXFileReference; includeInIndex = 1; lastKnownFileType = wrapper.framework; name = UIKit.framework; path = System/Library/Frameworks/UIKit.framework; sourceTree = SDKROOT; };
		53816AFC16265E9400B0672C /* Foundation.framework */ = {isa = PBXFileReference; includeInIndex = 1; lastKnownFileType = wrapper.framework; name = Foundation.framework; path = System/Library/Frameworks/Foundation.framework; sourceTree = SDKROOT; };
		53816AFE16265E9400B0672C /* CoreGraphics.framework */ = {isa = PBXFileReference; includeInIndex = 1; lastKnownFileType = wrapper.framework; name = CoreGraphics.framework; path = System/Library/Frameworks/CoreGraphics.framework; sourceTree = SDKROOT; };
		53816B0216265E9400B0672C /* Neonan-Info.plist */ = {isa = PBXFileReference; lastKnownFileType = text.plist.xml; path = "Neonan-Info.plist"; sourceTree = "<group>"; };
		53816B0416265E9400B0672C /* en */ = {isa = PBXFileReference; lastKnownFileType = text.plist.strings; name = en; path = en.lproj/InfoPlist.strings; sourceTree = "<group>"; };
		53816B0616265E9400B0672C /* main.m */ = {isa = PBXFileReference; lastKnownFileType = sourcecode.c.objc; path = main.m; sourceTree = "<group>"; };
		53816B0816265E9400B0672C /* Neonan-Prefix.pch */ = {isa = PBXFileReference; lastKnownFileType = sourcecode.c.h; path = "Neonan-Prefix.pch"; sourceTree = "<group>"; };
		53816B0916265E9400B0672C /* NeonanAppDelegate.h */ = {isa = PBXFileReference; lastKnownFileType = sourcecode.c.h; path = NeonanAppDelegate.h; sourceTree = "<group>"; };
		53816B0A16265E9400B0672C /* NeonanAppDelegate.m */ = {isa = PBXFileReference; lastKnownFileType = sourcecode.c.objc; path = NeonanAppDelegate.m; sourceTree = "<group>"; };
		53816B0C16265E9400B0672C /* Default.png */ = {isa = PBXFileReference; lastKnownFileType = image.png; path = Default.png; sourceTree = "<group>"; };
		53816B0E16265E9400B0672C /* Default@2x.png */ = {isa = PBXFileReference; lastKnownFileType = image.png; path = "Default@2x.png"; sourceTree = "<group>"; };
		53816B1016265E9400B0672C /* Default-568h@2x.png */ = {isa = PBXFileReference; lastKnownFileType = image.png; path = "Default-568h@2x.png"; sourceTree = "<group>"; };
		53816B321626726900B0672C /* QuartzCore.framework */ = {isa = PBXFileReference; includeInIndex = 1; lastKnownFileType = wrapper.framework; name = QuartzCore.framework; path = System/Library/Frameworks/QuartzCore.framework; sourceTree = SDKROOT; };
		5A6E3D3949124D88A6E9595A /* Pods.xcconfig */ = {isa = PBXFileReference; includeInIndex = 1; lastKnownFileType = text.xcconfig; name = Pods.xcconfig; path = Pods/Pods.xcconfig; sourceTree = SOURCE_ROOT; };
		76D7B376ADA7475E9C105D07 /* libPods.a */ = {isa = PBXFileReference; explicitFileType = archive.ar; includeInIndex = 0; path = libPods.a; sourceTree = BUILT_PRODUCTS_DIR; };
/* End PBXFileReference section */

/* Begin PBXFrameworksBuildPhase section */
		53816AF316265E9400B0672C /* Frameworks */ = {
			isa = PBXFrameworksBuildPhase;
			buildActionMask = 2147483647;
			files = (
				3499BF131627D3F70084B838 /* MediaPlayer.framework in Frameworks */,
				53816B331626726900B0672C /* QuartzCore.framework in Frameworks */,
				53816AFB16265E9400B0672C /* UIKit.framework in Frameworks */,
				53816AFD16265E9400B0672C /* Foundation.framework in Frameworks */,
				53816AFF16265E9400B0672C /* CoreGraphics.framework in Frameworks */,
				F912E5785A5344D991F500B6 /* libPods.a in Frameworks */,
			);
			runOnlyForDeploymentPostprocessing = 0;
		};
/* End PBXFrameworksBuildPhase section */

/* Begin PBXGroup section */
		340A132E1631069D00E8D594 /* controllers */ = {
			isa = PBXGroup;
			children = (
				3466147D1634EE4B00B1FF5A /* MainController.h */,
				3466147E1634EE4B00B1FF5A /* MainController.m */,
				346614D31635138700B1FF5A /* BabyDetailController.h */,
				346614D41635138700B1FF5A /* BabyDetailController.m */,
				346614D9163521C500B1FF5A /* CommentListController.h */,
				346614DA163521C500B1FF5A /* CommentListController.m */,
				347AAB5A163672E500D243BA /* SignController.h */,
				347AAB5B163672E500D243BA /* SignController.m */,
				3401FDF91636A1D700FAF971 /* ArticleDetailController.h */,
				3401FDFA1636A1D700FAF971 /* ArticleDetailController.m */,
				34584642163A3582008AAD38 /* NNNavigationController.h */,
				34584643163A3582008AAD38 /* NNNavigationController.m */,
			);
			path = controllers;
			sourceTree = "<group>";
		};
		340A134416312D4400E8D594 /* models */ = {
			isa = PBXGroup;
			children = (
				340A13451631331900E8D594 /* CommentModel.h */,
				340A13461631331900E8D594 /* CommentModel.m */,
			);
			path = models;
			sourceTree = "<group>";
		};
		347AAB60163672FC00D243BA /* layouts */ = {
			isa = PBXGroup;
			children = (
				347AAB5C163672E500D243BA /* SignController.xib */,
				3401FDFB1636A1D700FAF971 /* ArticleDetailController.xib */,
				34CB8FF3163FDFD40001AD87 /* CommentListController.xib */,
			);
			name = layouts;
			sourceTree = "<group>";
		};
		3499BEC01626DAAF0084B838 /* Resources */ = {
			isa = PBXGroup;
			children = (
				347AAB60163672FC00D243BA /* layouts */,
				34CB8FEE163FD2F20001AD87 /* bg_back_button.png */,
				34AC9C74163E75870020DE4B /* bg_header_view.png */,
				34CB8FEC163FBB4E0001AD87 /* bg_comment_count.png */,
				340A134B163142F100E8D594 /* bg_comment_box.png */,
				340A134C163142F100E8D594 /* bg_comment_input.png */,
				340A134D163142F100E8D594 /* bg_comment_commit_normal.png */,
				340A134E163142F100E8D594 /* bg_comment_commit_highlighted.png */,
				34B2B77E16380F4500F75977 /* bg_btn_sign.png */,
				34AC9C6C163E5D0E0020DE4B /* bg_btn_nav_right.png */,
				34AC9C6E163E5DB10020DE4B /* bg_bar_button.png */,
				34CB8FDE163F7F310001AD87 /* bg_btn_vote.png */,
				340716D51640BDD2006E40FE /* icon_down_arrow.png */,
				340716D71640C91C006E40FE /* icon_up_arrow.png */,
				34AC9C70163E6F970020DE4B /* icon_user_normal.png */,
				34AC9C71163E6F970020DE4B /* icon_user_highlighted.png */,
				34CB8FE0163F88160001AD87 /* icon_love_highlighted.png */,
				34CB8FE1163F88160001AD87 /* icon_love_normal.png */,
				34CB8FE2163F88160001AD87 /* icon_play_video.png */,
				345321FB1638F47D002137E6 /* icon_share.png */,
				3453220516394EA4002137E6 /* icon_right_arrow_white.png */,
				3453220616394EA4002137E6 /* icon_right_arrow_dark.png */,
				3453220716394EA4002137E6 /* icon_left_arrow_dark.png */,
				3453220816394EA4002137E6 /* icon_left_arrow_white.png */,
				34CB8FC1163F6D170001AD87 /* icon_disclosure_normal.png */,
				34CB8FC4163F6FE60001AD87 /* icon_disclosure_highlighted.png */,
				3499BEF81626E2430084B838 /* article_detail.jpg */,
				3499BEF91626E2430084B838 /* article_list.jpg */,
				3499BEFA1626E2430084B838 /* baby_detail.jpg */,
				3499BEFB1626E2430084B838 /* baby_list.jpg */,
				3499BEFC1626E2430084B838 /* home.jpg */,
				3499BEFD1626E2430084B838 /* splash.jpg */,
				34B2B7811638113200F75977 /* img_logo.png */,
				34CB8FE8163FB1B80001AD87 /* img_nav_bottom_line.png */,
				34CB8FEA163FB3900001AD87 /* img_horizontal_divider.png */,
				34CB8FE6163FA4000001AD87 /* img_cell_divider.png */,
				34AC9C76163E80770020DE4B /* img_header_indicator.png */,
				34CB8FDB163F7CD90001AD87 /* img_header_view_bottom_line.png */,
				3453220016390EC2002137E6 /* img_comment_placeholder.png */,
			);
			path = Resources;
			sourceTree = "<group>";
		};
		34AC9C68163E41640020DE4B /* CustomNavigationBar */ = {
			isa = PBXGroup;
			children = (
				34AC9C69163E41640020DE4B /* CustomNavigationBar.h */,
				34AC9C6A163E41640020DE4B /* CustomNavigationBar.m */,
			);
			path = CustomNavigationBar;
			sourceTree = "<group>";
		};
		34D46496162FCA7500D8EE28 /* helpers */ = {
			isa = PBXGroup;
			children = (
				34D464D01630065C00D8EE28 /* UIHelper.h */,
				34D464D11630065C00D8EE28 /* UIHelper.m */,
			);
			path = helpers;
			sourceTree = "<group>";
		};
		34D464E21630243900D8EE28 /* SMPageControl */ = {
			isa = PBXGroup;
			children = (
				34D464E31630243900D8EE28 /* SMPageControl.h */,
				34D464E41630243900D8EE28 /* SMPageControl.m */,
			);
			path = SMPageControl;
			sourceTree = "<group>";
		};
		53816AEB16265E9400B0672C = {
			isa = PBXGroup;
			children = (
				53816B1F16265FB100B0672C /* Classes */,
				3499BEC01626DAAF0084B838 /* Resources */,
				53816B2116265FB100B0672C /* Support */,
				53816B0016265E9400B0672C /* Neonan */,
				53816AF916265E9400B0672C /* Frameworks */,
				53816AF716265E9400B0672C /* Products */,
				5A6E3D3949124D88A6E9595A /* Pods.xcconfig */,
			);
			sourceTree = "<group>";
		};
		53816AF716265E9400B0672C /* Products */ = {
			isa = PBXGroup;
			children = (
				53816AF616265E9400B0672C /* Neonan.app */,
			);
			name = Products;
			sourceTree = "<group>";
		};
		53816AF916265E9400B0672C /* Frameworks */ = {
			isa = PBXGroup;
			children = (
				3499BF121627D3F70084B838 /* MediaPlayer.framework */,
				53816B321626726900B0672C /* QuartzCore.framework */,
				53816AFA16265E9400B0672C /* UIKit.framework */,
				53816AFC16265E9400B0672C /* Foundation.framework */,
				53816AFE16265E9400B0672C /* CoreGraphics.framework */,
				76D7B376ADA7475E9C105D07 /* libPods.a */,
			);
			name = Frameworks;
			sourceTree = "<group>";
		};
		53816B0016265E9400B0672C /* Neonan */ = {
			isa = PBXGroup;
			children = (
				53816B0916265E9400B0672C /* NeonanAppDelegate.h */,
				53816B0A16265E9400B0672C /* NeonanAppDelegate.m */,
				53816B0116265E9400B0672C /* Supporting Files */,
			);
			path = Neonan;
			sourceTree = "<group>";
		};
		53816B0116265E9400B0672C /* Supporting Files */ = {
			isa = PBXGroup;
			children = (
				53816B0216265E9400B0672C /* Neonan-Info.plist */,
				53816B0316265E9400B0672C /* InfoPlist.strings */,
				53816B0616265E9400B0672C /* main.m */,
				53816B0816265E9400B0672C /* Neonan-Prefix.pch */,
				53816B0C16265E9400B0672C /* Default.png */,
				53816B0E16265E9400B0672C /* Default@2x.png */,
				53816B1016265E9400B0672C /* Default-568h@2x.png */,
			);
			name = "Supporting Files";
			sourceTree = "<group>";
		};
		53816B1F16265FB100B0672C /* Classes */ = {
			isa = PBXGroup;
			children = (
				340A134416312D4400E8D594 /* models */,
				53816B2B16266F1100B0672C /* views */,
				340A132E1631069D00E8D594 /* controllers */,
				34D46496162FCA7500D8EE28 /* helpers */,
			);
			path = Classes;
			sourceTree = "<group>";
		};
		53816B2116265FB100B0672C /* Support */ = {
			isa = PBXGroup;
			children = (
				34AC9C68163E41640020DE4B /* CustomNavigationBar */,
				34D464E21630243900D8EE28 /* SMPageControl */,
			);
			path = Support;
			sourceTree = "<group>";
		};
		53816B2B16266F1100B0672C /* views */ = {
			isa = PBXGroup;
			children = (
				34648C3E1627E74E00115082 /* HotListCell.h */,
				34648C3F1627E74E00115082 /* HotListCell.m */,
				34C81B4D162BF78000DA093B /* BabyCell.h */,
				34C81B4E162BF78000DA093B /* BabyCell.m */,
				340A1370163170BE00E8D594 /* CommentCell.h */,
				340A1371163170BE00E8D594 /* CommentCell.m */,
				34648C66162833C000115082 /* SlideShowView.h */,
				34648C67162833C000115082 /* SlideShowView.m */,
				3446C89D162D680C0049B952 /* CircleHeaderView.h */,
				3446C89E162D680C0049B952 /* CircleHeaderView.m */,
				346614EC1635489B00B1FF5A /* FoldableTextBox.h */,
				346614ED1635489B00B1FF5A /* FoldableTextBox.m */,
				340A13481631419600E8D594 /* CommentBox.h */,
				340A13491631419600E8D594 /* CommentBox.m */,
				347AAB6216368A6800D243BA /* UITextField+UITextFieldCatagory.h */,
				347AAB6316368A6800D243BA /* UITextField+UITextFieldCatagory.m */,
			);
			path = views;
			sourceTree = "<group>";
		};
/* End PBXGroup section */

/* Begin PBXNativeTarget section */
		53816AF516265E9400B0672C /* Neonan */ = {
			isa = PBXNativeTarget;
			buildConfigurationList = 53816B1416265E9400B0672C /* Build configuration list for PBXNativeTarget "Neonan" */;
			buildPhases = (
				53816AF216265E9400B0672C /* Sources */,
				53816AF316265E9400B0672C /* Frameworks */,
				53816AF416265E9400B0672C /* Resources */,
				F7399B20707A46D194601754 /* Copy Pods Resources */,
			);
			buildRules = (
			);
			dependencies = (
			);
			name = Neonan;
			productName = Neonan;
			productReference = 53816AF616265E9400B0672C /* Neonan.app */;
			productType = "com.apple.product-type.application";
		};
/* End PBXNativeTarget section */

/* Begin PBXProject section */
		53816AED16265E9400B0672C /* Project object */ = {
			isa = PBXProject;
			attributes = {
				CLASSPREFIX = Neonan;
				LastUpgradeCheck = 0450;
				ORGANIZATIONNAME = neonan;
			};
			buildConfigurationList = 53816AF016265E9400B0672C /* Build configuration list for PBXProject "Neonan" */;
			compatibilityVersion = "Xcode 3.2";
			developmentRegion = English;
			hasScannedForEncodings = 0;
			knownRegions = (
				en,
			);
			mainGroup = 53816AEB16265E9400B0672C;
			productRefGroup = 53816AF716265E9400B0672C /* Products */;
			projectDirPath = "";
			projectRoot = "";
			targets = (
				53816AF516265E9400B0672C /* Neonan */,
			);
		};
/* End PBXProject section */

/* Begin PBXResourcesBuildPhase section */
		53816AF416265E9400B0672C /* Resources */ = {
			isa = PBXResourcesBuildPhase;
			buildActionMask = 2147483647;
			files = (
				53816B0516265E9400B0672C /* InfoPlist.strings in Resources */,
				53816B0D16265E9400B0672C /* Default.png in Resources */,
				53816B0F16265E9400B0672C /* Default@2x.png in Resources */,
				53816B1116265E9400B0672C /* Default-568h@2x.png in Resources */,
				3499BEFE1626E2430084B838 /* article_detail.jpg in Resources */,
				3499BEFF1626E2430084B838 /* article_list.jpg in Resources */,
				3499BF001626E2430084B838 /* baby_detail.jpg in Resources */,
				3499BF011626E2430084B838 /* baby_list.jpg in Resources */,
				3499BF021626E2430084B838 /* home.jpg in Resources */,
				3499BF031626E2430084B838 /* splash.jpg in Resources */,
				340A134F163142F100E8D594 /* bg_comment_box.png in Resources */,
				340A1350163142F100E8D594 /* bg_comment_input.png in Resources */,
				340A1351163142F100E8D594 /* bg_comment_commit_normal.png in Resources */,
				340A1352163142F100E8D594 /* bg_comment_commit_highlighted.png in Resources */,
				347AAB5E163672E500D243BA /* SignController.xib in Resources */,
				3401FDFD1636A1D700FAF971 /* ArticleDetailController.xib in Resources */,
				34B2B77F16380F4500F75977 /* bg_btn_sign.png in Resources */,
				34B2B7821638113200F75977 /* img_logo.png in Resources */,
				345321FC1638F47D002137E6 /* icon_share.png in Resources */,
				3453220116390EC2002137E6 /* img_comment_placeholder.png in Resources */,
				3453220916394EA4002137E6 /* icon_right_arrow_white.png in Resources */,
				3453220A16394EA4002137E6 /* icon_right_arrow_dark.png in Resources */,
				3453220B16394EA4002137E6 /* icon_left_arrow_dark.png in Resources */,
				3453220C16394EA4002137E6 /* icon_left_arrow_white.png in Resources */,
				34AC9C6D163E5D0E0020DE4B /* bg_btn_nav_right.png in Resources */,
				34AC9C6F163E5DB10020DE4B /* bg_bar_button.png in Resources */,
				34AC9C72163E6F970020DE4B /* icon_user_normal.png in Resources */,
				34AC9C73163E6F970020DE4B /* icon_user_highlighted.png in Resources */,
				34AC9C75163E75870020DE4B /* bg_header_view.png in Resources */,
				34AC9C77163E80770020DE4B /* img_header_indicator.png in Resources */,
				34CB8FC2163F6D170001AD87 /* icon_disclosure_normal.png in Resources */,
				34CB8FC5163F6FE60001AD87 /* icon_disclosure_highlighted.png in Resources */,
				34CB8FDC163F7CD90001AD87 /* img_header_view_bottom_line.png in Resources */,
				34CB8FDF163F7F310001AD87 /* bg_btn_vote.png in Resources */,
				34CB8FE3163F88160001AD87 /* icon_love_highlighted.png in Resources */,
				34CB8FE4163F88160001AD87 /* icon_love_normal.png in Resources */,
				34CB8FE5163F88160001AD87 /* icon_play_video.png in Resources */,
				34CB8FE7163FA4000001AD87 /* img_cell_divider.png in Resources */,
				34CB8FE9163FB1B80001AD87 /* img_nav_bottom_line.png in Resources */,
				34CB8FEB163FB3900001AD87 /* img_horizontal_divider.png in Resources */,
				34CB8FED163FBB4E0001AD87 /* bg_comment_count.png in Resources */,
				34CB8FEF163FD2F20001AD87 /* bg_back_button.png in Resources */,
				34CB8FF4163FDFD40001AD87 /* CommentListController.xib in Resources */,
				340716D61640BDD2006E40FE /* icon_down_arrow.png in Resources */,
				340716D81640C91C006E40FE /* icon_up_arrow.png in Resources */,
			);
			runOnlyForDeploymentPostprocessing = 0;
		};
/* End PBXResourcesBuildPhase section */

/* Begin PBXShellScriptBuildPhase section */
		F7399B20707A46D194601754 /* Copy Pods Resources */ = {
			isa = PBXShellScriptBuildPhase;
			buildActionMask = 2147483647;
			files = (
			);
			inputPaths = (
			);
			name = "Copy Pods Resources";
			outputPaths = (
			);
			runOnlyForDeploymentPostprocessing = 0;
			shellPath = /bin/sh;
			shellScript = "\"${SRCROOT}/Pods/Pods-resources.sh\"\n";
		};
/* End PBXShellScriptBuildPhase section */

/* Begin PBXSourcesBuildPhase section */
		53816AF216265E9400B0672C /* Sources */ = {
			isa = PBXSourcesBuildPhase;
			buildActionMask = 2147483647;
			files = (
				53816B0716265E9400B0672C /* main.m in Sources */,
				53816B0B16265E9400B0672C /* NeonanAppDelegate.m in Sources */,
				34648C401627E74E00115082 /* HotListCell.m in Sources */,
				34648C68162833C000115082 /* SlideShowView.m in Sources */,
				34C81B4F162BF78000DA093B /* BabyCell.m in Sources */,
				3446C89F162D680C0049B952 /* CircleHeaderView.m in Sources */,
				34D464D21630065C00D8EE28 /* UIHelper.m in Sources */,
				34D464E51630243900D8EE28 /* SMPageControl.m in Sources */,
				340A13471631331900E8D594 /* CommentModel.m in Sources */,
				340A134A1631419600E8D594 /* CommentBox.m in Sources */,
				340A1372163170BE00E8D594 /* CommentCell.m in Sources */,
				3466147F1634EE4B00B1FF5A /* MainController.m in Sources */,
				346614D51635138700B1FF5A /* BabyDetailController.m in Sources */,
				346614DB163521C500B1FF5A /* CommentListController.m in Sources */,
				346614EE1635489B00B1FF5A /* FoldableTextBox.m in Sources */,
				347AAB5D163672E500D243BA /* SignController.m in Sources */,
				347AAB6416368A6800D243BA /* UITextField+UITextFieldCatagory.m in Sources */,
				3401FDFC1636A1D700FAF971 /* ArticleDetailController.m in Sources */,
				34584644163A3582008AAD38 /* NNNavigationController.m in Sources */,
				34AC9C6B163E41640020DE4B /* CustomNavigationBar.m in Sources */,
			);
			runOnlyForDeploymentPostprocessing = 0;
		};
/* End PBXSourcesBuildPhase section */

/* Begin PBXVariantGroup section */
		53816B0316265E9400B0672C /* InfoPlist.strings */ = {
			isa = PBXVariantGroup;
			children = (
				53816B0416265E9400B0672C /* en */,
			);
			name = InfoPlist.strings;
			sourceTree = "<group>";
		};
/* End PBXVariantGroup section */

/* Begin XCBuildConfiguration section */
		53816B1216265E9400B0672C /* Debug */ = {
			isa = XCBuildConfiguration;
			buildSettings = {
				ALWAYS_SEARCH_USER_PATHS = NO;
				CLANG_CXX_LANGUAGE_STANDARD = "gnu++0x";
				CLANG_CXX_LIBRARY = "libc++";
				CLANG_WARN_EMPTY_BODY = YES;
				CLANG_WARN__DUPLICATE_METHOD_MATCH = YES;
				"CODE_SIGN_IDENTITY[sdk=iphoneos*]" = "iPhone Developer";
				COPY_PHASE_STRIP = NO;
				GCC_C_LANGUAGE_STANDARD = gnu99;
				GCC_DYNAMIC_NO_PIC = NO;
				GCC_OPTIMIZATION_LEVEL = 0;
				GCC_PREPROCESSOR_DEFINITIONS = (
					"DEBUG=1",
					"$(inherited)",
				);
				GCC_SYMBOLS_PRIVATE_EXTERN = NO;
				GCC_WARN_ABOUT_RETURN_TYPE = YES;
				GCC_WARN_UNINITIALIZED_AUTOS = YES;
				GCC_WARN_UNUSED_VARIABLE = YES;
				IPHONEOS_DEPLOYMENT_TARGET = 4.3;
				SDKROOT = iphoneos;
			};
			name = Debug;
		};
		53816B1316265E9400B0672C /* Release */ = {
			isa = XCBuildConfiguration;
			buildSettings = {
				ALWAYS_SEARCH_USER_PATHS = NO;
				CLANG_CXX_LANGUAGE_STANDARD = "gnu++0x";
				CLANG_CXX_LIBRARY = "libc++";
				CLANG_WARN_EMPTY_BODY = YES;
				CLANG_WARN__DUPLICATE_METHOD_MATCH = YES;
				"CODE_SIGN_IDENTITY[sdk=iphoneos*]" = "iPhone Developer";
				COPY_PHASE_STRIP = YES;
				GCC_C_LANGUAGE_STANDARD = gnu99;
				GCC_WARN_ABOUT_RETURN_TYPE = YES;
				GCC_WARN_UNINITIALIZED_AUTOS = YES;
				GCC_WARN_UNUSED_VARIABLE = YES;
				IPHONEOS_DEPLOYMENT_TARGET = 4.3;
				OTHER_CFLAGS = "-DNS_BLOCK_ASSERTIONS=1";
				SDKROOT = iphoneos;
				VALIDATE_PRODUCT = YES;
			};
			name = Release;
		};
		53816B1516265E9400B0672C /* Debug */ = {
			isa = XCBuildConfiguration;
			baseConfigurationReference = 5A6E3D3949124D88A6E9595A /* Pods.xcconfig */;
			buildSettings = {
				CLANG_ENABLE_OBJC_ARC = YES;
				CLANG_WARN_OBJCPP_ARC_ABI = YES;
				CODE_SIGN_IDENTITY = "iPhone Developer: Wu Shengtao (R588E65AD7)";
				GCC_PRECOMPILE_PREFIX_HEADER = YES;
				GCC_PREFIX_HEADER = "Neonan/Neonan-Prefix.pch";
				INFOPLIST_FILE = "Neonan/Neonan-Info.plist";
				IPHONEOS_DEPLOYMENT_TARGET = 4.3;
				PRODUCT_NAME = "$(TARGET_NAME)";
				PROVISIONING_PROFILE = "1BD607F1-7933-49E3-9CF3-2F6ABF024862";
				WRAPPER_EXTENSION = app;
			};
			name = Debug;
		};
		53816B1616265E9400B0672C /* Release */ = {
			isa = XCBuildConfiguration;
			baseConfigurationReference = 5A6E3D3949124D88A6E9595A /* Pods.xcconfig */;
			buildSettings = {
				CLANG_ENABLE_OBJC_ARC = YES;
				CLANG_WARN_OBJCPP_ARC_ABI = YES;
				GCC_PRECOMPILE_PREFIX_HEADER = YES;
				GCC_PREFIX_HEADER = "Neonan/Neonan-Prefix.pch";
				INFOPLIST_FILE = "Neonan/Neonan-Info.plist";
				IPHONEOS_DEPLOYMENT_TARGET = 4.3;
				PRODUCT_NAME = "$(TARGET_NAME)";
				WRAPPER_EXTENSION = app;
			};
			name = Release;
		};
/* End XCBuildConfiguration section */

/* Begin XCConfigurationList section */
		53816AF016265E9400B0672C /* Build configuration list for PBXProject "Neonan" */ = {
			isa = XCConfigurationList;
			buildConfigurations = (
				53816B1216265E9400B0672C /* Debug */,
				53816B1316265E9400B0672C /* Release */,
			);
			defaultConfigurationIsVisible = 0;
			defaultConfigurationName = Release;
		};
		53816B1416265E9400B0672C /* Build configuration list for PBXNativeTarget "Neonan" */ = {
			isa = XCConfigurationList;
			buildConfigurations = (
				53816B1516265E9400B0672C /* Debug */,
				53816B1616265E9400B0672C /* Release */,
			);
			defaultConfigurationIsVisible = 0;
			defaultConfigurationName = Release;
		};
/* End XCConfigurationList section */
	};
	rootObject = 53816AED16265E9400B0672C /* Project object */;
}
