// !$*UTF8*$!
{
	archiveVersion = 1;
	classes = {
	};
	objectVersion = 46;
	objects = {

/* Begin PBXBuildFile section */
		3446C89F162D680C0049B952 /* CircleHeaderView.m in Sources */ = {isa = PBXBuildFile; fileRef = 3446C89E162D680C0049B952 /* CircleHeaderView.m */; };
		34648C401627E74E00115082 /* HotListCell.m in Sources */ = {isa = PBXBuildFile; fileRef = 34648C3F1627E74E00115082 /* HotListCell.m */; };
		34648C68162833C000115082 /* SlideShowView.m in Sources */ = {isa = PBXBuildFile; fileRef = 34648C67162833C000115082 /* SlideShowView.m */; };
		3493F1941626B10200277848 /* ATPagingView.m in Sources */ = {isa = PBXBuildFile; fileRef = 3493F1801626B10200277848 /* ATPagingView.m */; };
		3499BE8D1626BED40084B838 /* MainMediator.m in Sources */ = {isa = PBXBuildFile; fileRef = 3499BE8C1626BED40084B838 /* MainMediator.m */; };
		3499BEFE1626E2430084B838 /* article_detail.jpg in Resources */ = {isa = PBXBuildFile; fileRef = 3499BEF81626E2430084B838 /* article_detail.jpg */; };
		3499BEFF1626E2430084B838 /* article_list.jpg in Resources */ = {isa = PBXBuildFile; fileRef = 3499BEF91626E2430084B838 /* article_list.jpg */; };
		3499BF001626E2430084B838 /* baby_detail.jpg in Resources */ = {isa = PBXBuildFile; fileRef = 3499BEFA1626E2430084B838 /* baby_detail.jpg */; };
		3499BF011626E2430084B838 /* baby_list.jpg in Resources */ = {isa = PBXBuildFile; fileRef = 3499BEFB1626E2430084B838 /* baby_list.jpg */; };
		3499BF021626E2430084B838 /* home.jpg in Resources */ = {isa = PBXBuildFile; fileRef = 3499BEFC1626E2430084B838 /* home.jpg */; };
		3499BF031626E2430084B838 /* splash.jpg in Resources */ = {isa = PBXBuildFile; fileRef = 3499BEFD1626E2430084B838 /* splash.jpg */; };
		3499BF071626EB2D0084B838 /* StyledPageControl.m in Sources */ = {isa = PBXBuildFile; fileRef = 3499BF061626EB2D0084B838 /* StyledPageControl.m */; settings = {COMPILER_FLAGS = "-fobjc-arc"; }; };
		3499BF111627D2BE0084B838 /* VideoMediator.m in Sources */ = {isa = PBXBuildFile; fileRef = 3499BF101627D2BE0084B838 /* VideoMediator.m */; };
		3499BF131627D3F70084B838 /* MediaPlayer.framework in Frameworks */ = {isa = PBXBuildFile; fileRef = 3499BF121627D3F70084B838 /* MediaPlayer.framework */; };
		349FC262162E5A9200729644 /* BabyDetailMediator.m in Sources */ = {isa = PBXBuildFile; fileRef = 349FC261162E5A9200729644 /* BabyDetailMediator.m */; };
		34C81B30162BB70D00DA093B /* V8HorizontalPickerView.m in Sources */ = {isa = PBXBuildFile; fileRef = 34C81B2E162BB70D00DA093B /* V8HorizontalPickerView.m */; };
		34C81B48162BE86300DA093B /* BabyListMediator.m in Sources */ = {isa = PBXBuildFile; fileRef = 34C81B47162BE86300DA093B /* BabyListMediator.m */; };
		34C81B4F162BF78000DA093B /* BabyCell.m in Sources */ = {isa = PBXBuildFile; fileRef = 34C81B4E162BF78000DA093B /* BabyCell.m */; };
		34D4649A162FCAA500D8EE28 /* NSString+TruncateToWidth.m in Sources */ = {isa = PBXBuildFile; fileRef = 34D46499162FCAA500D8EE28 /* NSString+TruncateToWidth.m */; };
		34D4649D162FD3D200D8EE28 /* UILabel+dynamicSizeMe.m in Sources */ = {isa = PBXBuildFile; fileRef = 34D4649C162FD3D200D8EE28 /* UILabel+dynamicSizeMe.m */; };
		34D464D21630065C00D8EE28 /* UIHelper.m in Sources */ = {isa = PBXBuildFile; fileRef = 34D464D11630065C00D8EE28 /* UIHelper.m */; };
		34D464E51630243900D8EE28 /* SMPageControl.m in Sources */ = {isa = PBXBuildFile; fileRef = 34D464E41630243900D8EE28 /* SMPageControl.m */; settings = {COMPILER_FLAGS = "-fobjc-arc"; }; };
		53816AFB16265E9400B0672C /* UIKit.framework in Frameworks */ = {isa = PBXBuildFile; fileRef = 53816AFA16265E9400B0672C /* UIKit.framework */; };
		53816AFD16265E9400B0672C /* Foundation.framework in Frameworks */ = {isa = PBXBuildFile; fileRef = 53816AFC16265E9400B0672C /* Foundation.framework */; };
		53816AFF16265E9400B0672C /* CoreGraphics.framework in Frameworks */ = {isa = PBXBuildFile; fileRef = 53816AFE16265E9400B0672C /* CoreGraphics.framework */; };
		53816B0516265E9400B0672C /* InfoPlist.strings in Resources */ = {isa = PBXBuildFile; fileRef = 53816B0316265E9400B0672C /* InfoPlist.strings */; };
		53816B0716265E9400B0672C /* main.m in Sources */ = {isa = PBXBuildFile; fileRef = 53816B0616265E9400B0672C /* main.m */; };
		53816B0B16265E9400B0672C /* NeonanAppDelegate.m in Sources */ = {isa = PBXBuildFile; fileRef = 53816B0A16265E9400B0672C /* NeonanAppDelegate.m */; };
		53816B0D16265E9400B0672C /* Default.png in Resources */ = {isa = PBXBuildFile; fileRef = 53816B0C16265E9400B0672C /* Default.png */; };
		53816B0F16265E9400B0672C /* Default@2x.png in Resources */ = {isa = PBXBuildFile; fileRef = 53816B0E16265E9400B0672C /* Default@2x.png */; };
		53816B1116265E9400B0672C /* Default-568h@2x.png in Resources */ = {isa = PBXBuildFile; fileRef = 53816B1016265E9400B0672C /* Default-568h@2x.png */; };
		53816B1D16265ED300B0672C /* NeonanViewController.m in Sources */ = {isa = PBXBuildFile; fileRef = 53816B1C16265ED300B0672C /* NeonanViewController.m */; };
		53816B24162661C800B0672C /* Navigator.m in Sources */ = {isa = PBXBuildFile; fileRef = 53816B23162661C800B0672C /* Navigator.m */; };
		53816B2E16266F2500B0672C /* RootMediator.m in Sources */ = {isa = PBXBuildFile; fileRef = 53816B2D16266F2500B0672C /* RootMediator.m */; };
		53816B3116266F3200B0672C /* TestMediator.m in Sources */ = {isa = PBXBuildFile; fileRef = 53816B3016266F3200B0672C /* TestMediator.m */; };
		53816B331626726900B0672C /* QuartzCore.framework in Frameworks */ = {isa = PBXBuildFile; fileRef = 53816B321626726900B0672C /* QuartzCore.framework */; };
		F912E5785A5344D991F500B6 /* libPods.a in Frameworks */ = {isa = PBXBuildFile; fileRef = 76D7B376ADA7475E9C105D07 /* libPods.a */; };
/* End PBXBuildFile section */

/* Begin PBXFileReference section */
		3446C89D162D680C0049B952 /* CircleHeaderView.h */ = {isa = PBXFileReference; fileEncoding = 4; lastKnownFileType = sourcecode.c.h; path = CircleHeaderView.h; sourceTree = "<group>"; };
		3446C89E162D680C0049B952 /* CircleHeaderView.m */ = {isa = PBXFileReference; fileEncoding = 4; lastKnownFileType = sourcecode.c.objc; path = CircleHeaderView.m; sourceTree = "<group>"; };
		34648C3E1627E74E00115082 /* HotListCell.h */ = {isa = PBXFileReference; fileEncoding = 4; lastKnownFileType = sourcecode.c.h; path = HotListCell.h; sourceTree = "<group>"; };
		34648C3F1627E74E00115082 /* HotListCell.m */ = {isa = PBXFileReference; fileEncoding = 4; lastKnownFileType = sourcecode.c.objc; path = HotListCell.m; sourceTree = "<group>"; };
		34648C66162833C000115082 /* SlideShowView.h */ = {isa = PBXFileReference; fileEncoding = 4; lastKnownFileType = sourcecode.c.h; path = SlideShowView.h; sourceTree = "<group>"; };
		34648C67162833C000115082 /* SlideShowView.m */ = {isa = PBXFileReference; fileEncoding = 4; lastKnownFileType = sourcecode.c.objc; path = SlideShowView.m; sourceTree = "<group>"; };
		3493F17F1626B10200277848 /* ATPagingView.h */ = {isa = PBXFileReference; fileEncoding = 4; lastKnownFileType = sourcecode.c.h; path = ATPagingView.h; sourceTree = "<group>"; };
		3493F1801626B10200277848 /* ATPagingView.m */ = {isa = PBXFileReference; fileEncoding = 4; lastKnownFileType = sourcecode.c.objc; path = ATPagingView.m; sourceTree = "<group>"; };
		3499BE8B1626BED40084B838 /* MainMediator.h */ = {isa = PBXFileReference; fileEncoding = 4; lastKnownFileType = sourcecode.c.h; path = MainMediator.h; sourceTree = "<group>"; };
		3499BE8C1626BED40084B838 /* MainMediator.m */ = {isa = PBXFileReference; fileEncoding = 4; lastKnownFileType = sourcecode.c.objc; path = MainMediator.m; sourceTree = "<group>"; };
		3499BEF81626E2430084B838 /* article_detail.jpg */ = {isa = PBXFileReference; lastKnownFileType = image.jpeg; path = article_detail.jpg; sourceTree = "<group>"; };
		3499BEF91626E2430084B838 /* article_list.jpg */ = {isa = PBXFileReference; lastKnownFileType = image.jpeg; path = article_list.jpg; sourceTree = "<group>"; };
		3499BEFA1626E2430084B838 /* baby_detail.jpg */ = {isa = PBXFileReference; lastKnownFileType = image.jpeg; path = baby_detail.jpg; sourceTree = "<group>"; };
		3499BEFB1626E2430084B838 /* baby_list.jpg */ = {isa = PBXFileReference; lastKnownFileType = image.jpeg; path = baby_list.jpg; sourceTree = "<group>"; };
		3499BEFC1626E2430084B838 /* home.jpg */ = {isa = PBXFileReference; lastKnownFileType = image.jpeg; path = home.jpg; sourceTree = "<group>"; };
		3499BEFD1626E2430084B838 /* splash.jpg */ = {isa = PBXFileReference; lastKnownFileType = image.jpeg; path = splash.jpg; sourceTree = "<group>"; };
		3499BF051626EB2D0084B838 /* StyledPageControl.h */ = {isa = PBXFileReference; fileEncoding = 4; lastKnownFileType = sourcecode.c.h; path = StyledPageControl.h; sourceTree = "<group>"; };
		3499BF061626EB2D0084B838 /* StyledPageControl.m */ = {isa = PBXFileReference; fileEncoding = 4; lastKnownFileType = sourcecode.c.objc; path = StyledPageControl.m; sourceTree = "<group>"; };
		3499BF0F1627D2BE0084B838 /* VideoMediator.h */ = {isa = PBXFileReference; fileEncoding = 4; lastKnownFileType = sourcecode.c.h; path = VideoMediator.h; sourceTree = "<group>"; };
		3499BF101627D2BE0084B838 /* VideoMediator.m */ = {isa = PBXFileReference; fileEncoding = 4; lastKnownFileType = sourcecode.c.objc; path = VideoMediator.m; sourceTree = "<group>"; };
		3499BF121627D3F70084B838 /* MediaPlayer.framework */ = {isa = PBXFileReference; includeInIndex = 1; lastKnownFileType = wrapper.framework; name = MediaPlayer.framework; path = System/Library/Frameworks/MediaPlayer.framework; sourceTree = SDKROOT; };
		349FC260162E5A9200729644 /* BabyDetailMediator.h */ = {isa = PBXFileReference; fileEncoding = 4; lastKnownFileType = sourcecode.c.h; path = BabyDetailMediator.h; sourceTree = "<group>"; };
		349FC261162E5A9200729644 /* BabyDetailMediator.m */ = {isa = PBXFileReference; fileEncoding = 4; lastKnownFileType = sourcecode.c.objc; path = BabyDetailMediator.m; sourceTree = "<group>"; };
		34C81B2D162BB70D00DA093B /* V8HorizontalPickerView.h */ = {isa = PBXFileReference; fileEncoding = 4; lastKnownFileType = sourcecode.c.h; path = V8HorizontalPickerView.h; sourceTree = "<group>"; };
		34C81B2E162BB70D00DA093B /* V8HorizontalPickerView.m */ = {isa = PBXFileReference; fileEncoding = 4; lastKnownFileType = sourcecode.c.objc; path = V8HorizontalPickerView.m; sourceTree = "<group>"; };
		34C81B2F162BB70D00DA093B /* V8HorizontalPickerViewProtocol.h */ = {isa = PBXFileReference; fileEncoding = 4; lastKnownFileType = sourcecode.c.h; path = V8HorizontalPickerViewProtocol.h; sourceTree = "<group>"; };
		34C81B46162BE86300DA093B /* BabyListMediator.h */ = {isa = PBXFileReference; fileEncoding = 4; lastKnownFileType = sourcecode.c.h; path = BabyListMediator.h; sourceTree = "<group>"; };
		34C81B47162BE86300DA093B /* BabyListMediator.m */ = {isa = PBXFileReference; fileEncoding = 4; lastKnownFileType = sourcecode.c.objc; path = BabyListMediator.m; sourceTree = "<group>"; };
		34C81B4D162BF78000DA093B /* BabyCell.h */ = {isa = PBXFileReference; fileEncoding = 4; lastKnownFileType = sourcecode.c.h; path = BabyCell.h; sourceTree = "<group>"; };
		34C81B4E162BF78000DA093B /* BabyCell.m */ = {isa = PBXFileReference; fileEncoding = 4; lastKnownFileType = sourcecode.c.objc; path = BabyCell.m; sourceTree = "<group>"; };
		34D46498162FCAA500D8EE28 /* NSString+TruncateToWidth.h */ = {isa = PBXFileReference; fileEncoding = 4; lastKnownFileType = sourcecode.c.h; path = "NSString+TruncateToWidth.h"; sourceTree = "<group>"; };
		34D46499162FCAA500D8EE28 /* NSString+TruncateToWidth.m */ = {isa = PBXFileReference; fileEncoding = 4; lastKnownFileType = sourcecode.c.objc; path = "NSString+TruncateToWidth.m"; sourceTree = "<group>"; };
		34D4649B162FD3D200D8EE28 /* UILabel+dynamicSizeMe.h */ = {isa = PBXFileReference; fileEncoding = 4; lastKnownFileType = sourcecode.c.h; path = "UILabel+dynamicSizeMe.h"; sourceTree = "<group>"; };
		34D4649C162FD3D200D8EE28 /* UILabel+dynamicSizeMe.m */ = {isa = PBXFileReference; fileEncoding = 4; lastKnownFileType = sourcecode.c.objc; path = "UILabel+dynamicSizeMe.m"; sourceTree = "<group>"; };
		34D464D01630065C00D8EE28 /* UIHelper.h */ = {isa = PBXFileReference; fileEncoding = 4; lastKnownFileType = sourcecode.c.h; path = UIHelper.h; sourceTree = "<group>"; };
		34D464D11630065C00D8EE28 /* UIHelper.m */ = {isa = PBXFileReference; fileEncoding = 4; lastKnownFileType = sourcecode.c.objc; path = UIHelper.m; sourceTree = "<group>"; };
		34D464E31630243900D8EE28 /* SMPageControl.h */ = {isa = PBXFileReference; fileEncoding = 4; lastKnownFileType = sourcecode.c.h; path = SMPageControl.h; sourceTree = "<group>"; };
		34D464E41630243900D8EE28 /* SMPageControl.m */ = {isa = PBXFileReference; fileEncoding = 4; lastKnownFileType = sourcecode.c.objc; path = SMPageControl.m; sourceTree = "<group>"; };
		53816AF616265E9400B0672C /* Neonan.app */ = {isa = PBXFileReference; explicitFileType = wrapper.application; includeInIndex = 0; path = Neonan.app; sourceTree = BUILT_PRODUCTS_DIR; };
		53816AFA16265E9400B0672C /* UIKit.framework */ = {isa = PBXFileReference; includeInIndex = 1; lastKnownFileType = wrapper.framework; name = UIKit.framework; path = System/Library/Frameworks/UIKit.framework; sourceTree = SDKROOT; };
		53816AFC16265E9400B0672C /* Foundation.framework */ = {isa = PBXFileReference; includeInIndex = 1; lastKnownFileType = wrapper.framework; name = Foundation.framework; path = System/Library/Frameworks/Foundation.framework; sourceTree = SDKROOT; };
		53816AFE16265E9400B0672C /* CoreGraphics.framework */ = {isa = PBXFileReference; includeInIndex = 1; lastKnownFileType = wrapper.framework; name = CoreGraphics.framework; path = System/Library/Frameworks/CoreGraphics.framework; sourceTree = SDKROOT; };
		53816B0216265E9400B0672C /* Neonan-Info.plist */ = {isa = PBXFileReference; lastKnownFileType = text.plist.xml; path = "Neonan-Info.plist"; sourceTree = "<group>"; };
		53816B0416265E9400B0672C /* en */ = {isa = PBXFileReference; lastKnownFileType = text.plist.strings; name = en; path = en.lproj/InfoPlist.strings; sourceTree = "<group>"; };
		53816B0616265E9400B0672C /* main.m */ = {isa = PBXFileReference; lastKnownFileType = sourcecode.c.objc; path = main.m; sourceTree = "<group>"; };
		53816B0816265E9400B0672C /* Neonan-Prefix.pch */ = {isa = PBXFileReference; lastKnownFileType = sourcecode.c.h; path = "Neonan-Prefix.pch"; sourceTree = "<group>"; };
		53816B0916265E9400B0672C /* NeonanAppDelegate.h */ = {isa = PBXFileReference; lastKnownFileType = sourcecode.c.h; path = NeonanAppDelegate.h; sourceTree = "<group>"; };
		53816B0A16265E9400B0672C /* NeonanAppDelegate.m */ = {isa = PBXFileReference; lastKnownFileType = sourcecode.c.objc; path = NeonanAppDelegate.m; sourceTree = "<group>"; };
		53816B0C16265E9400B0672C /* Default.png */ = {isa = PBXFileReference; lastKnownFileType = image.png; path = Default.png; sourceTree = "<group>"; };
		53816B0E16265E9400B0672C /* Default@2x.png */ = {isa = PBXFileReference; lastKnownFileType = image.png; path = "Default@2x.png"; sourceTree = "<group>"; };
		53816B1016265E9400B0672C /* Default-568h@2x.png */ = {isa = PBXFileReference; lastKnownFileType = image.png; path = "Default-568h@2x.png"; sourceTree = "<group>"; };
		53816B1B16265ED300B0672C /* NeonanViewController.h */ = {isa = PBXFileReference; fileEncoding = 4; lastKnownFileType = sourcecode.c.h; path = NeonanViewController.h; sourceTree = "<group>"; };
		53816B1C16265ED300B0672C /* NeonanViewController.m */ = {isa = PBXFileReference; fileEncoding = 4; lastKnownFileType = sourcecode.c.objc; path = NeonanViewController.m; sourceTree = "<group>"; };
		53816B22162661C800B0672C /* Navigator.h */ = {isa = PBXFileReference; fileEncoding = 4; lastKnownFileType = sourcecode.c.h; path = Navigator.h; sourceTree = "<group>"; };
		53816B23162661C800B0672C /* Navigator.m */ = {isa = PBXFileReference; fileEncoding = 4; lastKnownFileType = sourcecode.c.objc; path = Navigator.m; sourceTree = "<group>"; };
		53816B2C16266F2500B0672C /* RootMediator.h */ = {isa = PBXFileReference; fileEncoding = 4; lastKnownFileType = sourcecode.c.h; path = RootMediator.h; sourceTree = "<group>"; };
		53816B2D16266F2500B0672C /* RootMediator.m */ = {isa = PBXFileReference; fileEncoding = 4; lastKnownFileType = sourcecode.c.objc; path = RootMediator.m; sourceTree = "<group>"; };
		53816B2F16266F3200B0672C /* TestMediator.h */ = {isa = PBXFileReference; fileEncoding = 4; lastKnownFileType = sourcecode.c.h; path = TestMediator.h; sourceTree = "<group>"; };
		53816B3016266F3200B0672C /* TestMediator.m */ = {isa = PBXFileReference; fileEncoding = 4; lastKnownFileType = sourcecode.c.objc; path = TestMediator.m; sourceTree = "<group>"; };
		53816B321626726900B0672C /* QuartzCore.framework */ = {isa = PBXFileReference; includeInIndex = 1; lastKnownFileType = wrapper.framework; name = QuartzCore.framework; path = System/Library/Frameworks/QuartzCore.framework; sourceTree = SDKROOT; };
		5A6E3D3949124D88A6E9595A /* Pods.xcconfig */ = {isa = PBXFileReference; includeInIndex = 1; lastKnownFileType = text.xcconfig; name = Pods.xcconfig; path = Pods/Pods.xcconfig; sourceTree = SOURCE_ROOT; };
		76D7B376ADA7475E9C105D07 /* libPods.a */ = {isa = PBXFileReference; explicitFileType = archive.ar; includeInIndex = 0; path = libPods.a; sourceTree = BUILT_PRODUCTS_DIR; };
/* End PBXFileReference section */

/* Begin PBXFrameworksBuildPhase section */
		53816AF316265E9400B0672C /* Frameworks */ = {
			isa = PBXFrameworksBuildPhase;
			buildActionMask = 2147483647;
			files = (
				3499BF131627D3F70084B838 /* MediaPlayer.framework in Frameworks */,
				53816B331626726900B0672C /* QuartzCore.framework in Frameworks */,
				53816AFB16265E9400B0672C /* UIKit.framework in Frameworks */,
				53816AFD16265E9400B0672C /* Foundation.framework in Frameworks */,
				53816AFF16265E9400B0672C /* CoreGraphics.framework in Frameworks */,
				F912E5785A5344D991F500B6 /* libPods.a in Frameworks */,
			);
			runOnlyForDeploymentPostprocessing = 0;
		};
/* End PBXFrameworksBuildPhase section */

/* Begin PBXGroup section */
		3493F17E1626B10200277848 /* ATPagingView */ = {
			isa = PBXGroup;
			children = (
				3493F17F1626B10200277848 /* ATPagingView.h */,
				3493F1801626B10200277848 /* ATPagingView.m */,
			);
			path = ATPagingView;
			sourceTree = "<group>";
		};
		3499BEC01626DAAF0084B838 /* Resources */ = {
			isa = PBXGroup;
			children = (
				3499BEF81626E2430084B838 /* article_detail.jpg */,
				3499BEF91626E2430084B838 /* article_list.jpg */,
				3499BEFA1626E2430084B838 /* baby_detail.jpg */,
				3499BEFB1626E2430084B838 /* baby_list.jpg */,
				3499BEFC1626E2430084B838 /* home.jpg */,
				3499BEFD1626E2430084B838 /* splash.jpg */,
			);
			path = Resources;
			sourceTree = "<group>";
		};
		3499BF041626EB2D0084B838 /* iOS-StyledPageControl */ = {
			isa = PBXGroup;
			children = (
				3499BF051626EB2D0084B838 /* StyledPageControl.h */,
				3499BF061626EB2D0084B838 /* StyledPageControl.m */,
			);
			path = "iOS-StyledPageControl";
			sourceTree = "<group>";
		};
		34C81B2C162BB70D00DA093B /* V8HorizontalPickerView */ = {
			isa = PBXGroup;
			children = (
				34C81B2D162BB70D00DA093B /* V8HorizontalPickerView.h */,
				34C81B2E162BB70D00DA093B /* V8HorizontalPickerView.m */,
				34C81B2F162BB70D00DA093B /* V8HorizontalPickerViewProtocol.h */,
			);
			path = V8HorizontalPickerView;
			sourceTree = "<group>";
		};
		34D46496162FCA7500D8EE28 /* helpers */ = {
			isa = PBXGroup;
			children = (
				34D46498162FCAA500D8EE28 /* NSString+TruncateToWidth.h */,
				34D46499162FCAA500D8EE28 /* NSString+TruncateToWidth.m */,
				34D4649B162FD3D200D8EE28 /* UILabel+dynamicSizeMe.h */,
				34D4649C162FD3D200D8EE28 /* UILabel+dynamicSizeMe.m */,
				34D464D01630065C00D8EE28 /* UIHelper.h */,
				34D464D11630065C00D8EE28 /* UIHelper.m */,
			);
			path = helpers;
			sourceTree = "<group>";
		};
		34D464E21630243900D8EE28 /* SMPageControl */ = {
			isa = PBXGroup;
			children = (
				34D464E31630243900D8EE28 /* SMPageControl.h */,
				34D464E41630243900D8EE28 /* SMPageControl.m */,
			);
			path = SMPageControl;
			sourceTree = "<group>";
		};
		53816AEB16265E9400B0672C = {
			isa = PBXGroup;
			children = (
				53816B1F16265FB100B0672C /* Classes */,
				3499BEC01626DAAF0084B838 /* Resources */,
				53816B2116265FB100B0672C /* Support */,
				53816B0016265E9400B0672C /* Neonan */,
				53816AF916265E9400B0672C /* Frameworks */,
				53816AF716265E9400B0672C /* Products */,
				5A6E3D3949124D88A6E9595A /* Pods.xcconfig */,
			);
			sourceTree = "<group>";
		};
		53816AF716265E9400B0672C /* Products */ = {
			isa = PBXGroup;
			children = (
				53816AF616265E9400B0672C /* Neonan.app */,
			);
			name = Products;
			sourceTree = "<group>";
		};
		53816AF916265E9400B0672C /* Frameworks */ = {
			isa = PBXGroup;
			children = (
				3499BF121627D3F70084B838 /* MediaPlayer.framework */,
				53816B321626726900B0672C /* QuartzCore.framework */,
				53816AFA16265E9400B0672C /* UIKit.framework */,
				53816AFC16265E9400B0672C /* Foundation.framework */,
				53816AFE16265E9400B0672C /* CoreGraphics.framework */,
				76D7B376ADA7475E9C105D07 /* libPods.a */,
			);
			name = Frameworks;
			sourceTree = "<group>";
		};
		53816B0016265E9400B0672C /* Neonan */ = {
			isa = PBXGroup;
			children = (
				53816B0916265E9400B0672C /* NeonanAppDelegate.h */,
				53816B0A16265E9400B0672C /* NeonanAppDelegate.m */,
				53816B0116265E9400B0672C /* Supporting Files */,
				53816B1B16265ED300B0672C /* NeonanViewController.h */,
				53816B1C16265ED300B0672C /* NeonanViewController.m */,
			);
			path = Neonan;
			sourceTree = "<group>";
		};
		53816B0116265E9400B0672C /* Supporting Files */ = {
			isa = PBXGroup;
			children = (
				53816B0216265E9400B0672C /* Neonan-Info.plist */,
				53816B0316265E9400B0672C /* InfoPlist.strings */,
				53816B0616265E9400B0672C /* main.m */,
				53816B0816265E9400B0672C /* Neonan-Prefix.pch */,
				53816B0C16265E9400B0672C /* Default.png */,
				53816B0E16265E9400B0672C /* Default@2x.png */,
				53816B1016265E9400B0672C /* Default-568h@2x.png */,
			);
			name = "Supporting Files";
			sourceTree = "<group>";
		};
		53816B1F16265FB100B0672C /* Classes */ = {
			isa = PBXGroup;
			children = (
				34D46496162FCA7500D8EE28 /* helpers */,
				53816B2B16266F1100B0672C /* views */,
			);
			path = Classes;
			sourceTree = "<group>";
		};
		53816B2116265FB100B0672C /* Support */ = {
			isa = PBXGroup;
			children = (
				34D464E21630243900D8EE28 /* SMPageControl */,
				34C81B2C162BB70D00DA093B /* V8HorizontalPickerView */,
				3499BF041626EB2D0084B838 /* iOS-StyledPageControl */,
				3493F17E1626B10200277848 /* ATPagingView */,
				53816B22162661C800B0672C /* Navigator.h */,
				53816B23162661C800B0672C /* Navigator.m */,
			);
			path = Support;
			sourceTree = "<group>";
		};
		53816B2B16266F1100B0672C /* views */ = {
			isa = PBXGroup;
			children = (
				53816B2C16266F2500B0672C /* RootMediator.h */,
				53816B2D16266F2500B0672C /* RootMediator.m */,
				53816B2F16266F3200B0672C /* TestMediator.h */,
				53816B3016266F3200B0672C /* TestMediator.m */,
				3499BE8B1626BED40084B838 /* MainMediator.h */,
				3499BE8C1626BED40084B838 /* MainMediator.m */,
				34C81B46162BE86300DA093B /* BabyListMediator.h */,
				34C81B47162BE86300DA093B /* BabyListMediator.m */,
				3499BF0F1627D2BE0084B838 /* VideoMediator.h */,
				3499BF101627D2BE0084B838 /* VideoMediator.m */,
				349FC260162E5A9200729644 /* BabyDetailMediator.h */,
				349FC261162E5A9200729644 /* BabyDetailMediator.m */,
				34648C3E1627E74E00115082 /* HotListCell.h */,
				34648C3F1627E74E00115082 /* HotListCell.m */,
				34C81B4D162BF78000DA093B /* BabyCell.h */,
				34C81B4E162BF78000DA093B /* BabyCell.m */,
				34648C66162833C000115082 /* SlideShowView.h */,
				34648C67162833C000115082 /* SlideShowView.m */,
				3446C89D162D680C0049B952 /* CircleHeaderView.h */,
				3446C89E162D680C0049B952 /* CircleHeaderView.m */,
			);
			path = views;
			sourceTree = "<group>";
		};
/* End PBXGroup section */

/* Begin PBXNativeTarget section */
		53816AF516265E9400B0672C /* Neonan */ = {
			isa = PBXNativeTarget;
			buildConfigurationList = 53816B1416265E9400B0672C /* Build configuration list for PBXNativeTarget "Neonan" */;
			buildPhases = (
				53816AF216265E9400B0672C /* Sources */,
				53816AF316265E9400B0672C /* Frameworks */,
				53816AF416265E9400B0672C /* Resources */,
				F7399B20707A46D194601754 /* Copy Pods Resources */,
			);
			buildRules = (
			);
			dependencies = (
			);
			name = Neonan;
			productName = Neonan;
			productReference = 53816AF616265E9400B0672C /* Neonan.app */;
			productType = "com.apple.product-type.application";
		};
/* End PBXNativeTarget section */

/* Begin PBXProject section */
		53816AED16265E9400B0672C /* Project object */ = {
			isa = PBXProject;
			attributes = {
				CLASSPREFIX = Neonan;
				LastUpgradeCheck = 0450;
				ORGANIZATIONNAME = neonan;
			};
			buildConfigurationList = 53816AF016265E9400B0672C /* Build configuration list for PBXProject "Neonan" */;
			compatibilityVersion = "Xcode 3.2";
			developmentRegion = English;
			hasScannedForEncodings = 0;
			knownRegions = (
				en,
			);
			mainGroup = 53816AEB16265E9400B0672C;
			productRefGroup = 53816AF716265E9400B0672C /* Products */;
			projectDirPath = "";
			projectRoot = "";
			targets = (
				53816AF516265E9400B0672C /* Neonan */,
			);
		};
/* End PBXProject section */

/* Begin PBXResourcesBuildPhase section */
		53816AF416265E9400B0672C /* Resources */ = {
			isa = PBXResourcesBuildPhase;
			buildActionMask = 2147483647;
			files = (
				53816B0516265E9400B0672C /* InfoPlist.strings in Resources */,
				53816B0D16265E9400B0672C /* Default.png in Resources */,
				53816B0F16265E9400B0672C /* Default@2x.png in Resources */,
				53816B1116265E9400B0672C /* Default-568h@2x.png in Resources */,
				3499BEFE1626E2430084B838 /* article_detail.jpg in Resources */,
				3499BEFF1626E2430084B838 /* article_list.jpg in Resources */,
				3499BF001626E2430084B838 /* baby_detail.jpg in Resources */,
				3499BF011626E2430084B838 /* baby_list.jpg in Resources */,
				3499BF021626E2430084B838 /* home.jpg in Resources */,
				3499BF031626E2430084B838 /* splash.jpg in Resources */,
			);
			runOnlyForDeploymentPostprocessing = 0;
		};
/* End PBXResourcesBuildPhase section */

/* Begin PBXShellScriptBuildPhase section */
		F7399B20707A46D194601754 /* Copy Pods Resources */ = {
			isa = PBXShellScriptBuildPhase;
			buildActionMask = 2147483647;
			files = (
			);
			inputPaths = (
			);
			name = "Copy Pods Resources";
			outputPaths = (
			);
			runOnlyForDeploymentPostprocessing = 0;
			shellPath = /bin/sh;
			shellScript = "\"${SRCROOT}/Pods/Pods-resources.sh\"\n";
		};
/* End PBXShellScriptBuildPhase section */

/* Begin PBXSourcesBuildPhase section */
		53816AF216265E9400B0672C /* Sources */ = {
			isa = PBXSourcesBuildPhase;
			buildActionMask = 2147483647;
			files = (
				53816B0716265E9400B0672C /* main.m in Sources */,
				53816B0B16265E9400B0672C /* NeonanAppDelegate.m in Sources */,
				53816B1D16265ED300B0672C /* NeonanViewController.m in Sources */,
				53816B24162661C800B0672C /* Navigator.m in Sources */,
				53816B2E16266F2500B0672C /* RootMediator.m in Sources */,
				53816B3116266F3200B0672C /* TestMediator.m in Sources */,
				3493F1941626B10200277848 /* ATPagingView.m in Sources */,
				3499BE8D1626BED40084B838 /* MainMediator.m in Sources */,
				3499BF071626EB2D0084B838 /* StyledPageControl.m in Sources */,
				3499BF111627D2BE0084B838 /* VideoMediator.m in Sources */,
				34648C401627E74E00115082 /* HotListCell.m in Sources */,
				34648C68162833C000115082 /* SlideShowView.m in Sources */,
				34C81B30162BB70D00DA093B /* V8HorizontalPickerView.m in Sources */,
				34C81B48162BE86300DA093B /* BabyListMediator.m in Sources */,
				34C81B4F162BF78000DA093B /* BabyCell.m in Sources */,
				3446C89F162D680C0049B952 /* CircleHeaderView.m in Sources */,
				349FC262162E5A9200729644 /* BabyDetailMediator.m in Sources */,
				34D4649A162FCAA500D8EE28 /* NSString+TruncateToWidth.m in Sources */,
				34D4649D162FD3D200D8EE28 /* UILabel+dynamicSizeMe.m in Sources */,
				34D464D21630065C00D8EE28 /* UIHelper.m in Sources */,
				34D464E51630243900D8EE28 /* SMPageControl.m in Sources */,
			);
			runOnlyForDeploymentPostprocessing = 0;
		};
/* End PBXSourcesBuildPhase section */

/* Begin PBXVariantGroup section */
		53816B0316265E9400B0672C /* InfoPlist.strings */ = {
			isa = PBXVariantGroup;
			children = (
				53816B0416265E9400B0672C /* en */,
			);
			name = InfoPlist.strings;
			sourceTree = "<group>";
		};
/* End PBXVariantGroup section */

/* Begin XCBuildConfiguration section */
		53816B1216265E9400B0672C /* Debug */ = {
			isa = XCBuildConfiguration;
			buildSettings = {
				ALWAYS_SEARCH_USER_PATHS = NO;
				CLANG_CXX_LANGUAGE_STANDARD = "gnu++0x";
				CLANG_CXX_LIBRARY = "libc++";
				CLANG_WARN_EMPTY_BODY = YES;
				CLANG_WARN__DUPLICATE_METHOD_MATCH = YES;
				"CODE_SIGN_IDENTITY[sdk=iphoneos*]" = "iPhone Developer";
				COPY_PHASE_STRIP = NO;
				GCC_C_LANGUAGE_STANDARD = gnu99;
				GCC_DYNAMIC_NO_PIC = NO;
				GCC_OPTIMIZATION_LEVEL = 0;
				GCC_PREPROCESSOR_DEFINITIONS = (
					"DEBUG=1",
					"$(inherited)",
				);
				GCC_SYMBOLS_PRIVATE_EXTERN = NO;
				GCC_WARN_ABOUT_RETURN_TYPE = YES;
				GCC_WARN_UNINITIALIZED_AUTOS = YES;
				GCC_WARN_UNUSED_VARIABLE = YES;
				IPHONEOS_DEPLOYMENT_TARGET = 4.3;
				SDKROOT = iphoneos;
			};
			name = Debug;
		};
		53816B1316265E9400B0672C /* Release */ = {
			isa = XCBuildConfiguration;
			buildSettings = {
				ALWAYS_SEARCH_USER_PATHS = NO;
				CLANG_CXX_LANGUAGE_STANDARD = "gnu++0x";
				CLANG_CXX_LIBRARY = "libc++";
				CLANG_WARN_EMPTY_BODY = YES;
				CLANG_WARN__DUPLICATE_METHOD_MATCH = YES;
				"CODE_SIGN_IDENTITY[sdk=iphoneos*]" = "iPhone Developer";
				COPY_PHASE_STRIP = YES;
				GCC_C_LANGUAGE_STANDARD = gnu99;
				GCC_WARN_ABOUT_RETURN_TYPE = YES;
				GCC_WARN_UNINITIALIZED_AUTOS = YES;
				GCC_WARN_UNUSED_VARIABLE = YES;
				IPHONEOS_DEPLOYMENT_TARGET = 4.3;
				OTHER_CFLAGS = "-DNS_BLOCK_ASSERTIONS=1";
				SDKROOT = iphoneos;
				VALIDATE_PRODUCT = YES;
			};
			name = Release;
		};
		53816B1516265E9400B0672C /* Debug */ = {
			isa = XCBuildConfiguration;
			baseConfigurationReference = 5A6E3D3949124D88A6E9595A /* Pods.xcconfig */;
			buildSettings = {
				CODE_SIGN_IDENTITY = "iPhone Developer: Wu Shengtao (R588E65AD7)";
				GCC_PRECOMPILE_PREFIX_HEADER = YES;
				GCC_PREFIX_HEADER = "Neonan/Neonan-Prefix.pch";
				INFOPLIST_FILE = "Neonan/Neonan-Info.plist";
				IPHONEOS_DEPLOYMENT_TARGET = 4.3;
				PRODUCT_NAME = "$(TARGET_NAME)";
				PROVISIONING_PROFILE = "1BD607F1-7933-49E3-9CF3-2F6ABF024862";
				WRAPPER_EXTENSION = app;
			};
			name = Debug;
		};
		53816B1616265E9400B0672C /* Release */ = {
			isa = XCBuildConfiguration;
			baseConfigurationReference = 5A6E3D3949124D88A6E9595A /* Pods.xcconfig */;
			buildSettings = {
				GCC_PRECOMPILE_PREFIX_HEADER = YES;
				GCC_PREFIX_HEADER = "Neonan/Neonan-Prefix.pch";
				INFOPLIST_FILE = "Neonan/Neonan-Info.plist";
				IPHONEOS_DEPLOYMENT_TARGET = 4.3;
				PRODUCT_NAME = "$(TARGET_NAME)";
				WRAPPER_EXTENSION = app;
			};
			name = Release;
		};
/* End XCBuildConfiguration section */

/* Begin XCConfigurationList section */
		53816AF016265E9400B0672C /* Build configuration list for PBXProject "Neonan" */ = {
			isa = XCConfigurationList;
			buildConfigurations = (
				53816B1216265E9400B0672C /* Debug */,
				53816B1316265E9400B0672C /* Release */,
			);
			defaultConfigurationIsVisible = 0;
			defaultConfigurationName = Release;
		};
		53816B1416265E9400B0672C /* Build configuration list for PBXNativeTarget "Neonan" */ = {
			isa = XCConfigurationList;
			buildConfigurations = (
				53816B1516265E9400B0672C /* Debug */,
				53816B1616265E9400B0672C /* Release */,
			);
			defaultConfigurationIsVisible = 0;
			defaultConfigurationName = Release;
		};
/* End XCConfigurationList section */
	};
	rootObject = 53816AED16265E9400B0672C /* Project object */;
}
